// !$*UTF8*$!
{
	archiveVersion = 1;
	classes = {
	};
	objectVersion = 51;
	objects = {

/* Begin PBXBuildFile section */
		1B043DE42298C04000EB0F3A /* MultiImageTableViewCell.m in Sources */ = {isa = PBXBuildFile; fileRef = 1B043DE22298C04000EB0F3A /* MultiImageTableViewCell.m */; };
		1B043DE52298C04000EB0F3A /* MultiImageTableViewCell.xib in Resources */ = {isa = PBXBuildFile; fileRef = 1B043DE32298C04000EB0F3A /* MultiImageTableViewCell.xib */; };
		1B09D182226AFF7B00BB7480 /* AppDelegate.m in Sources */ = {isa = PBXBuildFile; fileRef = 1B09D181226AFF7B00BB7480 /* AppDelegate.m */; };
		1B09D185226AFF7B00BB7480 /* ViewController.m in Sources */ = {isa = PBXBuildFile; fileRef = 1B09D184226AFF7B00BB7480 /* ViewController.m */; };
		1B09D188226AFF7B00BB7480 /* Main.storyboard in Resources */ = {isa = PBXBuildFile; fileRef = 1B09D186226AFF7B00BB7480 /* Main.storyboard */; };
		1B09D18A226AFF7C00BB7480 /* Assets.xcassets in Resources */ = {isa = PBXBuildFile; fileRef = 1B09D189226AFF7C00BB7480 /* Assets.xcassets */; };
		1B09D18D226AFF7C00BB7480 /* LaunchScreen.storyboard in Resources */ = {isa = PBXBuildFile; fileRef = 1B09D18B226AFF7C00BB7480 /* LaunchScreen.storyboard */; };
		1B09D190226AFF7C00BB7480 /* main.m in Sources */ = {isa = PBXBuildFile; fileRef = 1B09D18F226AFF7C00BB7480 /* main.m */; };
		1B09D19A226B002C00BB7480 /* FirstPageViewController.m in Sources */ = {isa = PBXBuildFile; fileRef = 1B09D198226B002C00BB7480 /* FirstPageViewController.m */; };
		1B09D19F226B004100BB7480 /* VideoPageViewController.m in Sources */ = {isa = PBXBuildFile; fileRef = 1B09D19D226B004100BB7480 /* VideoPageViewController.m */; };
		1B09D1A4226B005500BB7480 /* PersonalPageViewController.m in Sources */ = {isa = PBXBuildFile; fileRef = 1B09D1A2226B005500BB7480 /* PersonalPageViewController.m */; };
		1B0F352822C0CC1B00449F42 /* lishixiao.png in Resources */ = {isa = PBXBuildFile; fileRef = 1B0F34F322C0CC1B00449F42 /* lishixiao.png */; };
		1B0F352922C0CC1B00449F42 /* mainpage_selected.png in Resources */ = {isa = PBXBuildFile; fileRef = 1B0F34F422C0CC1B00449F42 /* mainpage_selected.png */; };
		1B0F352B22C0CC1B00449F42 /* play_white.png in Resources */ = {isa = PBXBuildFile; fileRef = 1B0F34F622C0CC1B00449F42 /* play_white.png */; };
		1B0F352C22C0CC1B00449F42 /* pause _white.png in Resources */ = {isa = PBXBuildFile; fileRef = 1B0F34F722C0CC1B00449F42 /* pause _white.png */; };
		1B0F352D22C0CC1B00449F42 /* unlike_25.png in Resources */ = {isa = PBXBuildFile; fileRef = 1B0F34F822C0CC1B00449F42 /* unlike_25.png */; };
		1B0F352E22C0CC1B00449F42 /* time.png in Resources */ = {isa = PBXBuildFile; fileRef = 1B0F34F922C0CC1B00449F42 /* time.png */; };
		1B0F352F22C0CC1B00449F42 /* link.png in Resources */ = {isa = PBXBuildFile; fileRef = 1B0F34FA22C0CC1B00449F42 /* link.png */; };
		1B0F353022C0CC1B00449F42 /* unlike_23.png in Resources */ = {isa = PBXBuildFile; fileRef = 1B0F34FB22C0CC1B00449F42 /* unlike_23.png */; };
		1B0F353122C0CC1B00449F42 /* edit_label.png in Resources */ = {isa = PBXBuildFile; fileRef = 1B0F34FC22C0CC1B00449F42 /* edit_label.png */; };
		1B0F353222C0CC1B00449F42 /* comments.png in Resources */ = {isa = PBXBuildFile; fileRef = 1B0F34FD22C0CC1B00449F42 /* comments.png */; };
		1B0F353322C0CC1B00449F42 /* unlike-fill_25.png in Resources */ = {isa = PBXBuildFile; fileRef = 1B0F34FE22C0CC1B00449F42 /* unlike-fill_25.png */; };
		1B0F353422C0CC1B00449F42 /* like_unselected.png in Resources */ = {isa = PBXBuildFile; fileRef = 1B0F34FF22C0CC1B00449F42 /* like_unselected.png */; };
		1B0F353522C0CC1B00449F42 /* video_selected.png in Resources */ = {isa = PBXBuildFile; fileRef = 1B0F350022C0CC1B00449F42 /* video_selected.png */; };
		1B0F353622C0CC1B00449F42 /* destination.png in Resources */ = {isa = PBXBuildFile; fileRef = 1B0F350122C0CC1B00449F42 /* destination.png */; };
		1B0F353722C0CC1B00449F42 /* pinglun.png in Resources */ = {isa = PBXBuildFile; fileRef = 1B0F350222C0CC1B00449F42 /* pinglun.png */; };
		1B0F353822C0CC1B00449F42 /* personal_unselected.png in Resources */ = {isa = PBXBuildFile; fileRef = 1B0F350322C0CC1B00449F42 /* personal_unselected.png */; };
		1B0F353922C0CC1B00449F42 /* tianjiahaoyou.png in Resources */ = {isa = PBXBuildFile; fileRef = 1B0F350422C0CC1B00449F42 /* tianjiahaoyou.png */; };
		1B0F353A22C0CC1B00449F42 /* star_selected.png in Resources */ = {isa = PBXBuildFile; fileRef = 1B0F350522C0CC1B00449F42 /* star_selected.png */; };
		1B0F353B22C0CC1B00449F42 /* unlike-fill_23.png in Resources */ = {isa = PBXBuildFile; fileRef = 1B0F350622C0CC1B00449F42 /* unlike-fill_23.png */; };
		1B0F353C22C0CC1B00449F42 /* share_white.png in Resources */ = {isa = PBXBuildFile; fileRef = 1B0F350722C0CC1B00449F42 /* share_white.png */; };
		1B0F353D22C0CC1B00449F42 /* price.png in Resources */ = {isa = PBXBuildFile; fileRef = 1B0F350822C0CC1B00449F42 /* price.png */; };
		1B0F353E22C0CC1B00449F42 /* find.png in Resources */ = {isa = PBXBuildFile; fileRef = 1B0F350922C0CC1B00449F42 /* find.png */; };
		1B0F353F22C0CC1B00449F42 /* Share_25.png in Resources */ = {isa = PBXBuildFile; fileRef = 1B0F350A22C0CC1B00449F42 /* Share_25.png */; };
		1B0F354022C0CC1B00449F42 /* like_23.png in Resources */ = {isa = PBXBuildFile; fileRef = 1B0F350B22C0CC1B00449F42 /* like_23.png */; };
		1B0F354122C0CC1B00449F42 /* university_logo.jpg in Resources */ = {isa = PBXBuildFile; fileRef = 1B0F350C22C0CC1B00449F42 /* university_logo.jpg */; };
		1B0F354222C0CC1B00449F42 /* pause.png in Resources */ = {isa = PBXBuildFile; fileRef = 1B0F350D22C0CC1B00449F42 /* pause.png */; };
		1B0F354322C0CC1B00449F42 /* logo.png in Resources */ = {isa = PBXBuildFile; fileRef = 1B0F350E22C0CC1B00449F42 /* logo.png */; };
		1B0F354422C0CC1B00449F42 /* video_unselected.png in Resources */ = {isa = PBXBuildFile; fileRef = 1B0F350F22C0CC1B00449F42 /* video_unselected.png */; };
		1B0F354522C0CC1B00449F42 /* star_unselected.png in Resources */ = {isa = PBXBuildFile; fileRef = 1B0F351022C0CC1B00449F42 /* star_unselected.png */; };
		1B0F354622C0CC1B00449F42 /* star_25.png in Resources */ = {isa = PBXBuildFile; fileRef = 1B0F351122C0CC1B00449F42 /* star_25.png */; };
		1B0F354722C0CC1B00449F42 /* comment.png in Resources */ = {isa = PBXBuildFile; fileRef = 1B0F351222C0CC1B00449F42 /* comment.png */; };
		1B0F354822C0CC1B00449F42 /* shoucang.png in Resources */ = {isa = PBXBuildFile; fileRef = 1B0F351322C0CC1B00449F42 /* shoucang.png */; };
		1B0F354922C0CC1B00449F42 /* like_25.png in Resources */ = {isa = PBXBuildFile; fileRef = 1B0F351422C0CC1B00449F42 /* like_25.png */; };
		1B0F354A22C0CC1B00449F42 /* share.png in Resources */ = {isa = PBXBuildFile; fileRef = 1B0F351522C0CC1B00449F42 /* share.png */; };
		1B0F354B22C0CC1B00449F42 /* back_white_25.png in Resources */ = {isa = PBXBuildFile; fileRef = 1B0F351622C0CC1B00449F42 /* back_white_25.png */; };
		1B0F354C22C0CC1B00449F42 /* like_selected.png in Resources */ = {isa = PBXBuildFile; fileRef = 1B0F351722C0CC1B00449F42 /* like_selected.png */; };
		1B0F354D22C0CC1B00449F42 /* dianzan.png in Resources */ = {isa = PBXBuildFile; fileRef = 1B0F351822C0CC1B00449F42 /* dianzan.png */; };
		1B0F354E22C0CC1B00449F42 /* mainpage_unselected.png in Resources */ = {isa = PBXBuildFile; fileRef = 1B0F351922C0CC1B00449F42 /* mainpage_unselected.png */; };
		1B0F354F22C0CC1B00449F42 /* back_white.png in Resources */ = {isa = PBXBuildFile; fileRef = 1B0F351A22C0CC1B00449F42 /* back_white.png */; };
		1B0F355122C0CC1B00449F42 /* full-screen.png in Resources */ = {isa = PBXBuildFile; fileRef = 1B0F351C22C0CC1B00449F42 /* full-screen.png */; };
		1B0F355222C0CC1B00449F42 /* jiantou.png in Resources */ = {isa = PBXBuildFile; fileRef = 1B0F351D22C0CC1B00449F42 /* jiantou.png */; };
		1B0F355322C0CC1B00449F42 /* like-fill_23.png in Resources */ = {isa = PBXBuildFile; fileRef = 1B0F351E22C0CC1B00449F42 /* like-fill_23.png */; };
		1B0F355422C0CC1B00449F42 /* write.png in Resources */ = {isa = PBXBuildFile; fileRef = 1B0F351F22C0CC1B00449F42 /* write.png */; };
		1B0F355522C0CC1B00449F42 /* next_black.png in Resources */ = {isa = PBXBuildFile; fileRef = 1B0F352022C0CC1B00449F42 /* next_black.png */; };
		1B0F355622C0CC1B00449F42 /* more.png in Resources */ = {isa = PBXBuildFile; fileRef = 1B0F352122C0CC1B00449F42 /* more.png */; };
		1B0F355722C0CC1B00449F42 /* personal_selected.png in Resources */ = {isa = PBXBuildFile; fileRef = 1B0F352222C0CC1B00449F42 /* personal_selected.png */; };
		1B0F355822C0CC1B00449F42 /* camera.png in Resources */ = {isa = PBXBuildFile; fileRef = 1B0F352322C0CC1B00449F42 /* camera.png */; };
		1B0F355922C0CC1B00449F42 /* play.png in Resources */ = {isa = PBXBuildFile; fileRef = 1B0F352422C0CC1B00449F42 /* play.png */; };
		1B0F355A22C0CC1B00449F42 /* back.png in Resources */ = {isa = PBXBuildFile; fileRef = 1B0F352522C0CC1B00449F42 /* back.png */; };
		1B0F355B22C0CC1B00449F42 /* like-fill_25.png in Resources */ = {isa = PBXBuildFile; fileRef = 1B0F352622C0CC1B00449F42 /* like-fill_25.png */; };
		1B0F355C22C0CC1B00449F42 /* close.png in Resources */ = {isa = PBXBuildFile; fileRef = 1B0F352722C0CC1B00449F42 /* close.png */; };
		1B0F356022C0CEAF00449F42 /* PublisherInfoTableViewCell.m in Sources */ = {isa = PBXBuildFile; fileRef = 1B0F355E22C0CEAF00449F42 /* PublisherInfoTableViewCell.m */; };
		1B0F356122C0CEAF00449F42 /* PublisherInfoTableViewCell.xib in Resources */ = {isa = PBXBuildFile; fileRef = 1B0F355F22C0CEAF00449F42 /* PublisherInfoTableViewCell.xib */; };
		1B17BCF7227197C300F30CEF /* UIColor+Hex.m in Sources */ = {isa = PBXBuildFile; fileRef = 1B17BCF6227197C300F30CEF /* UIColor+Hex.m */; };
		1B3677E122A4BAAD00B0D458 /* DetailPageHeaderView.m in Sources */ = {isa = PBXBuildFile; fileRef = 1B3677E022A4BAAD00B0D458 /* DetailPageHeaderView.m */; };
		1B69A996226EF424008B5A16 /* SingleImageTableViewCell.m in Sources */ = {isa = PBXBuildFile; fileRef = 1B69A994226EF424008B5A16 /* SingleImageTableViewCell.m */; };
		1B69A99A226EF664008B5A16 /* NewsModel.m in Sources */ = {isa = PBXBuildFile; fileRef = 1B69A999226EF664008B5A16 /* NewsModel.m */; };
		1B7485AA229536AB00E508A8 /* FirstPageViewModel.m in Sources */ = {isa = PBXBuildFile; fileRef = 1B7485A9229536AB00E508A8 /* FirstPageViewModel.m */; };
		1B7F82AC227052DC000165F6 /* SearchViewController.m in Sources */ = {isa = PBXBuildFile; fileRef = 1B7F82AB227052DC000165F6 /* SearchViewController.m */; };
		1B846D6222A6193900378CD5 /* DetailPageFooterView.m in Sources */ = {isa = PBXBuildFile; fileRef = 1B846D6122A6193900378CD5 /* DetailPageFooterView.m */; };
		1BB8DD81229FB3D300FFECFA /* NoImageTableViewCell.m in Sources */ = {isa = PBXBuildFile; fileRef = 1BB8DD7F229FB3D300FFECFA /* NoImageTableViewCell.m */; };
		1BB8DD82229FB3D300FFECFA /* NoImageTableViewCell.xib in Resources */ = {isa = PBXBuildFile; fileRef = 1BB8DD80229FB3D300FFECFA /* NoImageTableViewCell.xib */; };
		1BE182BF22967B2C00343F83 /* NewsDetailViewModel.m in Sources */ = {isa = PBXBuildFile; fileRef = 1BE182BE22967B2C00343F83 /* NewsDetailViewModel.m */; };
		1BE182C122967B7100343F83 /* SingleImageTableViewCell.xib in Resources */ = {isa = PBXBuildFile; fileRef = 1BE182C022967B7100343F83 /* SingleImageTableViewCell.xib */; };
		1BEBE323226CBA200003C151 /* NewsDetailViewController.m in Sources */ = {isa = PBXBuildFile; fileRef = 1BEBE322226CBA200003C151 /* NewsDetailViewController.m */; };
		45B703B5988019F06A193B19 /* libPods-MiniHeadline.a in Frameworks */ = {isa = PBXBuildFile; fileRef = 698AD5FBF61BFBE0EF3E660D /* libPods-MiniHeadline.a */; };
		D60073EC22C37317003DDA07 /* CommentTwoTableViewCell.m in Sources */ = {isa = PBXBuildFile; fileRef = D60073EA22C37317003DDA07 /* CommentTwoTableViewCell.m */; };
		D60073ED22C37317003DDA07 /* CommentTwoTableViewCell.xib in Resources */ = {isa = PBXBuildFile; fileRef = D60073EB22C37317003DDA07 /* CommentTwoTableViewCell.xib */; };
		D60073F722C3A64A003DDA07 /* play_list.png in Resources */ = {isa = PBXBuildFile; fileRef = D60073F422C3A64A003DDA07 /* play_list.png */; };
		D60073F822C3A64A003DDA07 /* shadow.png in Resources */ = {isa = PBXBuildFile; fileRef = D60073F522C3A64A003DDA07 /* shadow.png */; };
		D60073F922C3A64A003DDA07 /* star_on.png in Resources */ = {isa = PBXBuildFile; fileRef = D60073F622C3A64A003DDA07 /* star_on.png */; };
		D62F5D2522971104009F66AD /* ChoosenCommentTableViewCell.m in Sources */ = {isa = PBXBuildFile; fileRef = D62F5D2322971104009F66AD /* ChoosenCommentTableViewCell.m */; };
		D62F5D2622971104009F66AD /* ChoosenCommentTableViewCell.xib in Resources */ = {isa = PBXBuildFile; fileRef = D62F5D2422971104009F66AD /* ChoosenCommentTableViewCell.xib */; };
		D64E44C422AF58000065E673 /* VideoDetailTableViewCell.m in Sources */ = {isa = PBXBuildFile; fileRef = D64E44C222AF58000065E673 /* VideoDetailTableViewCell.m */; };
		D64E44C522AF58000065E673 /* VideoDetailTableViewCell.xib in Resources */ = {isa = PBXBuildFile; fileRef = D64E44C322AF58000065E673 /* VideoDetailTableViewCell.xib */; };
		D65AFEDA22C10654007B8842 /* PostViewModel.m in Sources */ = {isa = PBXBuildFile; fileRef = D65AFED922C10654007B8842 /* PostViewModel.m */; };
		D692DF0122A26B5500BF5C2F /* SimpleVideoView.m in Sources */ = {isa = PBXBuildFile; fileRef = D692DF0022A26B5400BF5C2F /* SimpleVideoView.m */; };
		D6BC8B042273F23A001AFD60 /* LoadingTableViewCell.m in Sources */ = {isa = PBXBuildFile; fileRef = D6BC8AFF2273F23A001AFD60 /* LoadingTableViewCell.m */; };
		D6BC8B102273F524001AFD60 /* icon_1.png in Resources */ = {isa = PBXBuildFile; fileRef = D6BC8B0A2273F524001AFD60 /* icon_1.png */; };
		D6BC8B142273F524001AFD60 /* icon_2.png in Resources */ = {isa = PBXBuildFile; fileRef = D6BC8B0E2273F524001AFD60 /* icon_2.png */; };
		D6BC8B1D227407BF001AFD60 /* VideoDetailViewController.m in Sources */ = {isa = PBXBuildFile; fileRef = D6BC8B1C227407BF001AFD60 /* VideoDetailViewController.m */; };
		D6BC8B212276B3B1001AFD60 /* VideoTableViewCell.m in Sources */ = {isa = PBXBuildFile; fileRef = D6BC8B1F2276B3B1001AFD60 /* VideoTableViewCell.m */; };
		D6BC8B242276DB47001AFD60 /* icon_0.png in Resources */ = {isa = PBXBuildFile; fileRef = D6BC8B232276DB47001AFD60 /* icon_0.png */; };
		D6BC8B3322798CDB001AFD60 /* View.xib in Resources */ = {isa = PBXBuildFile; fileRef = D6BC8B3222798CDB001AFD60 /* View.xib */; };
		D6BC8B5E2279EB3F001AFD60 /* MyVideo.m in Sources */ = {isa = PBXBuildFile; fileRef = D6BC8B5D2279EB3F001AFD60 /* MyVideo.m */; };
		D6BC8B602279EC49001AFD60 /* video.mp4 in Resources */ = {isa = PBXBuildFile; fileRef = D6BC8B5F2279EC48001AFD60 /* video.mp4 */; };
		D6BC8B6F227C2877001AFD60 /* MyComment.m in Sources */ = {isa = PBXBuildFile; fileRef = D6BC8B6E227C2877001AFD60 /* MyComment.m */; };
		D6BC8B79227C7365001AFD60 /* CommentTableViewCell.m in Sources */ = {isa = PBXBuildFile; fileRef = D6BC8B77227C7365001AFD60 /* CommentTableViewCell.m */; };
		D6BC8B7A227C7365001AFD60 /* CommentTableViewCell.xib in Resources */ = {isa = PBXBuildFile; fileRef = D6BC8B78227C7365001AFD60 /* CommentTableViewCell.xib */; };
		D6BC8BB42282AE5F001AFD60 /* RecommendationVideoTableViewCell.m in Sources */ = {isa = PBXBuildFile; fileRef = D6BC8BB22282AE5F001AFD60 /* RecommendationVideoTableViewCell.m */; };
		D6BC8BB52282AE5F001AFD60 /* RecommendationVideoTableViewCell.xib in Resources */ = {isa = PBXBuildFile; fileRef = D6BC8BB32282AE5F001AFD60 /* RecommendationVideoTableViewCell.xib */; };
		D6BC8BB72283E66B001AFD60 /* View2.xib in Resources */ = {isa = PBXBuildFile; fileRef = D6BC8BB62283E66B001AFD60 /* View2.xib */; };
		D6DC962D22C51A5600D02E0B /* icon_default.jpg in Resources */ = {isa = PBXBuildFile; fileRef = D6DC962C22C51A5600D02E0B /* icon_default.jpg */; };
		D6F8173E22BA6A3C001143CB /* VideoListViewModel.m in Sources */ = {isa = PBXBuildFile; fileRef = D6F8173D22BA6A3C001143CB /* VideoListViewModel.m */; };
		D6F8174122BAC684001143CB /* CommentIDViewModel.m in Sources */ = {isa = PBXBuildFile; fileRef = D6F8174022BAC684001143CB /* CommentIDViewModel.m */; };
		D6F8174422BD4ADD001143CB /* CommentsView.m in Sources */ = {isa = PBXBuildFile; fileRef = D6F8174322BD4ADD001143CB /* CommentsView.m */; };
		E81158B62297F55A002BA4CD /* UserInfoModel.m in Sources */ = {isa = PBXBuildFile; fileRef = E81158B52297F559002BA4CD /* UserInfoModel.m */; };
		E81158BD2297F575002BA4CD /* EditInfoController.m in Sources */ = {isa = PBXBuildFile; fileRef = E81158B92297F575002BA4CD /* EditInfoController.m */; };
		E81158BE2297F575002BA4CD /* UserInfoController.m in Sources */ = {isa = PBXBuildFile; fileRef = E81158BA2297F575002BA4CD /* UserInfoController.m */; };
		E81158BF2297F575002BA4CD /* UserLoginController.m in Sources */ = {isa = PBXBuildFile; fileRef = E81158BC2297F575002BA4CD /* UserLoginController.m */; };
		E81158D82297F61F002BA4CD /* ChildPageViewController.m in Sources */ = {isa = PBXBuildFile; fileRef = E81158CE2297F61F002BA4CD /* ChildPageViewController.m */; };
		E81158D92297F61F002BA4CD /* ChildPageViewController.xib in Resources */ = {isa = PBXBuildFile; fileRef = E81158CF2297F61F002BA4CD /* ChildPageViewController.xib */; };
		E81158DA2297F61F002BA4CD /* InfoTableViewCell.m in Sources */ = {isa = PBXBuildFile; fileRef = E81158D12297F61F002BA4CD /* InfoTableViewCell.m */; };
		E81158DB2297F61F002BA4CD /* InfoTableViewCell.xib in Resources */ = {isa = PBXBuildFile; fileRef = E81158D22297F61F002BA4CD /* InfoTableViewCell.xib */; };
		E81158DC2297F61F002BA4CD /* InfoTableViewCellWithPicture.m in Sources */ = {isa = PBXBuildFile; fileRef = E81158D42297F61F002BA4CD /* InfoTableViewCellWithPicture.m */; };
		E81158DD2297F61F002BA4CD /* InfoTableViewCellWithPicture.xib in Resources */ = {isa = PBXBuildFile; fileRef = E81158D52297F61F002BA4CD /* InfoTableViewCellWithPicture.xib */; };
		E81158DE2297F61F002BA4CD /* NSComment.m in Sources */ = {isa = PBXBuildFile; fileRef = E81158D72297F61F002BA4CD /* NSComment.m */; };
		E8893882227AAFCD003C8FB7 /* SettingViewController.m in Sources */ = {isa = PBXBuildFile; fileRef = E8893880227AAFCD003C8FB7 /* SettingViewController.m */; };
		E8893885227AAFD8003C8FB7 /* UIButton+ImageTitleStyle.m in Sources */ = {isa = PBXBuildFile; fileRef = E8893884227AAFD8003C8FB7 /* UIButton+ImageTitleStyle.m */; };
		E8913EE32298D401007C16CA /* Toast.m in Sources */ = {isa = PBXBuildFile; fileRef = E8913EE12298D401007C16CA /* Toast.m */; };
		E8913EE522B48DBD007C16CA /* UserRegisterController.m in Sources */ = {isa = PBXBuildFile; fileRef = E8913EE422B48DBD007C16CA /* UserRegisterController.m */; };
/* End PBXBuildFile section */

/* Begin PBXFileReference section */
		1B043DE12298C04000EB0F3A /* MultiImageTableViewCell.h */ = {isa = PBXFileReference; lastKnownFileType = sourcecode.c.h; path = MultiImageTableViewCell.h; sourceTree = "<group>"; };
		1B043DE22298C04000EB0F3A /* MultiImageTableViewCell.m */ = {isa = PBXFileReference; lastKnownFileType = sourcecode.c.objc; path = MultiImageTableViewCell.m; sourceTree = "<group>"; };
		1B043DE32298C04000EB0F3A /* MultiImageTableViewCell.xib */ = {isa = PBXFileReference; lastKnownFileType = file.xib; path = MultiImageTableViewCell.xib; sourceTree = "<group>"; };
		1B09D17D226AFF7B00BB7480 /* MiniHeadline.app */ = {isa = PBXFileReference; explicitFileType = wrapper.application; includeInIndex = 0; path = MiniHeadline.app; sourceTree = BUILT_PRODUCTS_DIR; };
		1B09D180226AFF7B00BB7480 /* AppDelegate.h */ = {isa = PBXFileReference; lastKnownFileType = sourcecode.c.h; path = AppDelegate.h; sourceTree = "<group>"; };
		1B09D181226AFF7B00BB7480 /* AppDelegate.m */ = {isa = PBXFileReference; lastKnownFileType = sourcecode.c.objc; path = AppDelegate.m; sourceTree = "<group>"; };
		1B09D183226AFF7B00BB7480 /* ViewController.h */ = {isa = PBXFileReference; lastKnownFileType = sourcecode.c.h; path = ViewController.h; sourceTree = "<group>"; };
		1B09D184226AFF7B00BB7480 /* ViewController.m */ = {isa = PBXFileReference; lastKnownFileType = sourcecode.c.objc; path = ViewController.m; sourceTree = "<group>"; };
		1B09D187226AFF7B00BB7480 /* Base */ = {isa = PBXFileReference; lastKnownFileType = file.storyboard; name = Base; path = Base.lproj/Main.storyboard; sourceTree = "<group>"; };
		1B09D189226AFF7C00BB7480 /* Assets.xcassets */ = {isa = PBXFileReference; lastKnownFileType = folder.assetcatalog; path = Assets.xcassets; sourceTree = "<group>"; };
		1B09D18C226AFF7C00BB7480 /* Base */ = {isa = PBXFileReference; lastKnownFileType = file.storyboard; name = Base; path = Base.lproj/LaunchScreen.storyboard; sourceTree = "<group>"; };
		1B09D18E226AFF7C00BB7480 /* Info.plist */ = {isa = PBXFileReference; lastKnownFileType = text.plist.xml; path = Info.plist; sourceTree = "<group>"; };
		1B09D18F226AFF7C00BB7480 /* main.m */ = {isa = PBXFileReference; lastKnownFileType = sourcecode.c.objc; path = main.m; sourceTree = "<group>"; };
		1B09D197226B002C00BB7480 /* FirstPageViewController.h */ = {isa = PBXFileReference; lastKnownFileType = sourcecode.c.h; path = FirstPageViewController.h; sourceTree = "<group>"; };
		1B09D198226B002C00BB7480 /* FirstPageViewController.m */ = {isa = PBXFileReference; lastKnownFileType = sourcecode.c.objc; path = FirstPageViewController.m; sourceTree = "<group>"; };
		1B09D19C226B004100BB7480 /* VideoPageViewController.h */ = {isa = PBXFileReference; lastKnownFileType = sourcecode.c.h; path = VideoPageViewController.h; sourceTree = "<group>"; };
		1B09D19D226B004100BB7480 /* VideoPageViewController.m */ = {isa = PBXFileReference; lastKnownFileType = sourcecode.c.objc; path = VideoPageViewController.m; sourceTree = "<group>"; };
		1B09D1A1226B005500BB7480 /* PersonalPageViewController.h */ = {isa = PBXFileReference; lastKnownFileType = sourcecode.c.h; path = PersonalPageViewController.h; sourceTree = "<group>"; };
		1B09D1A2226B005500BB7480 /* PersonalPageViewController.m */ = {isa = PBXFileReference; lastKnownFileType = sourcecode.c.objc; path = PersonalPageViewController.m; sourceTree = "<group>"; };
		1B0F34F322C0CC1B00449F42 /* lishixiao.png */ = {isa = PBXFileReference; lastKnownFileType = image.png; path = lishixiao.png; sourceTree = "<group>"; };
		1B0F34F422C0CC1B00449F42 /* mainpage_selected.png */ = {isa = PBXFileReference; lastKnownFileType = image.png; path = mainpage_selected.png; sourceTree = "<group>"; };
		1B0F34F622C0CC1B00449F42 /* play_white.png */ = {isa = PBXFileReference; lastKnownFileType = image.png; path = play_white.png; sourceTree = "<group>"; };
		1B0F34F722C0CC1B00449F42 /* pause _white.png */ = {isa = PBXFileReference; lastKnownFileType = image.png; path = "pause _white.png"; sourceTree = "<group>"; };
		1B0F34F822C0CC1B00449F42 /* unlike_25.png */ = {isa = PBXFileReference; lastKnownFileType = image.png; path = unlike_25.png; sourceTree = "<group>"; };
		1B0F34F922C0CC1B00449F42 /* time.png */ = {isa = PBXFileReference; lastKnownFileType = image.png; path = time.png; sourceTree = "<group>"; };
		1B0F34FA22C0CC1B00449F42 /* link.png */ = {isa = PBXFileReference; lastKnownFileType = image.png; path = link.png; sourceTree = "<group>"; };
		1B0F34FB22C0CC1B00449F42 /* unlike_23.png */ = {isa = PBXFileReference; lastKnownFileType = image.png; path = unlike_23.png; sourceTree = "<group>"; };
		1B0F34FC22C0CC1B00449F42 /* edit_label.png */ = {isa = PBXFileReference; lastKnownFileType = image.png; path = edit_label.png; sourceTree = "<group>"; };
		1B0F34FD22C0CC1B00449F42 /* comments.png */ = {isa = PBXFileReference; lastKnownFileType = image.png; path = comments.png; sourceTree = "<group>"; };
		1B0F34FE22C0CC1B00449F42 /* unlike-fill_25.png */ = {isa = PBXFileReference; lastKnownFileType = image.png; path = "unlike-fill_25.png"; sourceTree = "<group>"; };
		1B0F34FF22C0CC1B00449F42 /* like_unselected.png */ = {isa = PBXFileReference; lastKnownFileType = image.png; path = like_unselected.png; sourceTree = "<group>"; };
		1B0F350022C0CC1B00449F42 /* video_selected.png */ = {isa = PBXFileReference; lastKnownFileType = image.png; path = video_selected.png; sourceTree = "<group>"; };
		1B0F350122C0CC1B00449F42 /* destination.png */ = {isa = PBXFileReference; lastKnownFileType = image.png; path = destination.png; sourceTree = "<group>"; };
		1B0F350222C0CC1B00449F42 /* pinglun.png */ = {isa = PBXFileReference; lastKnownFileType = image.png; path = pinglun.png; sourceTree = "<group>"; };
		1B0F350322C0CC1B00449F42 /* personal_unselected.png */ = {isa = PBXFileReference; lastKnownFileType = image.png; path = personal_unselected.png; sourceTree = "<group>"; };
		1B0F350422C0CC1B00449F42 /* tianjiahaoyou.png */ = {isa = PBXFileReference; lastKnownFileType = image.png; path = tianjiahaoyou.png; sourceTree = "<group>"; };
		1B0F350522C0CC1B00449F42 /* star_selected.png */ = {isa = PBXFileReference; lastKnownFileType = image.png; path = star_selected.png; sourceTree = "<group>"; };
		1B0F350622C0CC1B00449F42 /* unlike-fill_23.png */ = {isa = PBXFileReference; lastKnownFileType = image.png; path = "unlike-fill_23.png"; sourceTree = "<group>"; };
		1B0F350722C0CC1B00449F42 /* share_white.png */ = {isa = PBXFileReference; lastKnownFileType = image.png; path = share_white.png; sourceTree = "<group>"; };
		1B0F350822C0CC1B00449F42 /* price.png */ = {isa = PBXFileReference; lastKnownFileType = image.png; path = price.png; sourceTree = "<group>"; };
		1B0F350922C0CC1B00449F42 /* find.png */ = {isa = PBXFileReference; lastKnownFileType = image.png; path = find.png; sourceTree = "<group>"; };
		1B0F350A22C0CC1B00449F42 /* Share_25.png */ = {isa = PBXFileReference; lastKnownFileType = image.png; path = Share_25.png; sourceTree = "<group>"; };
		1B0F350B22C0CC1B00449F42 /* like_23.png */ = {isa = PBXFileReference; lastKnownFileType = image.png; path = like_23.png; sourceTree = "<group>"; };
		1B0F350C22C0CC1B00449F42 /* university_logo.jpg */ = {isa = PBXFileReference; lastKnownFileType = image.jpeg; path = university_logo.jpg; sourceTree = "<group>"; };
		1B0F350D22C0CC1B00449F42 /* pause.png */ = {isa = PBXFileReference; lastKnownFileType = image.png; path = pause.png; sourceTree = "<group>"; };
		1B0F350E22C0CC1B00449F42 /* logo.png */ = {isa = PBXFileReference; lastKnownFileType = image.png; path = logo.png; sourceTree = "<group>"; };
		1B0F350F22C0CC1B00449F42 /* video_unselected.png */ = {isa = PBXFileReference; lastKnownFileType = image.png; path = video_unselected.png; sourceTree = "<group>"; };
		1B0F351022C0CC1B00449F42 /* star_unselected.png */ = {isa = PBXFileReference; lastKnownFileType = image.png; path = star_unselected.png; sourceTree = "<group>"; };
		1B0F351122C0CC1B00449F42 /* star_25.png */ = {isa = PBXFileReference; lastKnownFileType = image.png; path = star_25.png; sourceTree = "<group>"; };
		1B0F351222C0CC1B00449F42 /* comment.png */ = {isa = PBXFileReference; lastKnownFileType = image.png; path = comment.png; sourceTree = "<group>"; };
		1B0F351322C0CC1B00449F42 /* shoucang.png */ = {isa = PBXFileReference; lastKnownFileType = image.png; path = shoucang.png; sourceTree = "<group>"; };
		1B0F351422C0CC1B00449F42 /* like_25.png */ = {isa = PBXFileReference; lastKnownFileType = image.png; path = like_25.png; sourceTree = "<group>"; };
		1B0F351522C0CC1B00449F42 /* share.png */ = {isa = PBXFileReference; lastKnownFileType = image.png; path = share.png; sourceTree = "<group>"; };
		1B0F351622C0CC1B00449F42 /* back_white_25.png */ = {isa = PBXFileReference; lastKnownFileType = image.png; path = back_white_25.png; sourceTree = "<group>"; };
		1B0F351722C0CC1B00449F42 /* like_selected.png */ = {isa = PBXFileReference; lastKnownFileType = image.png; path = like_selected.png; sourceTree = "<group>"; };
		1B0F351822C0CC1B00449F42 /* dianzan.png */ = {isa = PBXFileReference; lastKnownFileType = image.png; path = dianzan.png; sourceTree = "<group>"; };
		1B0F351922C0CC1B00449F42 /* mainpage_unselected.png */ = {isa = PBXFileReference; lastKnownFileType = image.png; path = mainpage_unselected.png; sourceTree = "<group>"; };
		1B0F351A22C0CC1B00449F42 /* back_white.png */ = {isa = PBXFileReference; lastKnownFileType = image.png; path = back_white.png; sourceTree = "<group>"; };
		1B0F351C22C0CC1B00449F42 /* full-screen.png */ = {isa = PBXFileReference; lastKnownFileType = image.png; path = "full-screen.png"; sourceTree = "<group>"; };
		1B0F351D22C0CC1B00449F42 /* jiantou.png */ = {isa = PBXFileReference; lastKnownFileType = image.png; path = jiantou.png; sourceTree = "<group>"; };
		1B0F351E22C0CC1B00449F42 /* like-fill_23.png */ = {isa = PBXFileReference; lastKnownFileType = image.png; path = "like-fill_23.png"; sourceTree = "<group>"; };
		1B0F351F22C0CC1B00449F42 /* write.png */ = {isa = PBXFileReference; lastKnownFileType = image.png; path = write.png; sourceTree = "<group>"; };
		1B0F352022C0CC1B00449F42 /* next_black.png */ = {isa = PBXFileReference; lastKnownFileType = image.png; path = next_black.png; sourceTree = "<group>"; };
		1B0F352122C0CC1B00449F42 /* more.png */ = {isa = PBXFileReference; lastKnownFileType = image.png; path = more.png; sourceTree = "<group>"; };
		1B0F352222C0CC1B00449F42 /* personal_selected.png */ = {isa = PBXFileReference; lastKnownFileType = image.png; path = personal_selected.png; sourceTree = "<group>"; };
		1B0F352322C0CC1B00449F42 /* camera.png */ = {isa = PBXFileReference; lastKnownFileType = image.png; path = camera.png; sourceTree = "<group>"; };
		1B0F352422C0CC1B00449F42 /* play.png */ = {isa = PBXFileReference; lastKnownFileType = image.png; path = play.png; sourceTree = "<group>"; };
		1B0F352522C0CC1B00449F42 /* back.png */ = {isa = PBXFileReference; lastKnownFileType = image.png; path = back.png; sourceTree = "<group>"; };
		1B0F352622C0CC1B00449F42 /* like-fill_25.png */ = {isa = PBXFileReference; lastKnownFileType = image.png; path = "like-fill_25.png"; sourceTree = "<group>"; };
		1B0F352722C0CC1B00449F42 /* close.png */ = {isa = PBXFileReference; lastKnownFileType = image.png; path = close.png; sourceTree = "<group>"; };
		1B0F355D22C0CEAF00449F42 /* PublisherInfoTableViewCell.h */ = {isa = PBXFileReference; lastKnownFileType = sourcecode.c.h; path = PublisherInfoTableViewCell.h; sourceTree = "<group>"; };
		1B0F355E22C0CEAF00449F42 /* PublisherInfoTableViewCell.m */ = {isa = PBXFileReference; lastKnownFileType = sourcecode.c.objc; path = PublisherInfoTableViewCell.m; sourceTree = "<group>"; };
		1B0F355F22C0CEAF00449F42 /* PublisherInfoTableViewCell.xib */ = {isa = PBXFileReference; lastKnownFileType = file.xib; path = PublisherInfoTableViewCell.xib; sourceTree = "<group>"; };
		1B17BCF5227197C300F30CEF /* UIColor+Hex.h */ = {isa = PBXFileReference; lastKnownFileType = sourcecode.c.h; path = "UIColor+Hex.h"; sourceTree = "<group>"; };
		1B17BCF6227197C300F30CEF /* UIColor+Hex.m */ = {isa = PBXFileReference; lastKnownFileType = sourcecode.c.objc; path = "UIColor+Hex.m"; sourceTree = "<group>"; };
		1B3677DF22A4BAAD00B0D458 /* DetailPageHeaderView.h */ = {isa = PBXFileReference; lastKnownFileType = sourcecode.c.h; path = DetailPageHeaderView.h; sourceTree = "<group>"; };
		1B3677E022A4BAAD00B0D458 /* DetailPageHeaderView.m */ = {isa = PBXFileReference; lastKnownFileType = sourcecode.c.objc; path = DetailPageHeaderView.m; sourceTree = "<group>"; };
		1B69A994226EF424008B5A16 /* SingleImageTableViewCell.m */ = {isa = PBXFileReference; lastKnownFileType = sourcecode.c.objc; path = SingleImageTableViewCell.m; sourceTree = "<group>"; };
		1B69A998226EF664008B5A16 /* NewsModel.h */ = {isa = PBXFileReference; lastKnownFileType = sourcecode.c.h; path = NewsModel.h; sourceTree = "<group>"; };
		1B69A999226EF664008B5A16 /* NewsModel.m */ = {isa = PBXFileReference; lastKnownFileType = sourcecode.c.objc; path = NewsModel.m; sourceTree = "<group>"; };
		1B69A99B226EF8B2008B5A16 /* toutiao.png */ = {isa = PBXFileReference; lastKnownFileType = image.png; name = toutiao.png; path = ../../../../../../../Downloads/toutiao.png; sourceTree = "<group>"; };
		1B69A99D226F5900008B5A16 /* SingleImageTableViewCell.h */ = {isa = PBXFileReference; lastKnownFileType = sourcecode.c.h; path = SingleImageTableViewCell.h; sourceTree = "<group>"; };
		1B7485A8229536AB00E508A8 /* FirstPageViewModel.h */ = {isa = PBXFileReference; lastKnownFileType = sourcecode.c.h; path = FirstPageViewModel.h; sourceTree = "<group>"; };
		1B7485A9229536AB00E508A8 /* FirstPageViewModel.m */ = {isa = PBXFileReference; lastKnownFileType = sourcecode.c.objc; path = FirstPageViewModel.m; sourceTree = "<group>"; };
		1B7F82AA227052DC000165F6 /* SearchViewController.h */ = {isa = PBXFileReference; lastKnownFileType = sourcecode.c.h; path = SearchViewController.h; sourceTree = "<group>"; };
		1B7F82AB227052DC000165F6 /* SearchViewController.m */ = {isa = PBXFileReference; lastKnownFileType = sourcecode.c.objc; path = SearchViewController.m; sourceTree = "<group>"; };
		1B846D6022A6193900378CD5 /* DetailPageFooterView.h */ = {isa = PBXFileReference; lastKnownFileType = sourcecode.c.h; path = DetailPageFooterView.h; sourceTree = "<group>"; };
		1B846D6122A6193900378CD5 /* DetailPageFooterView.m */ = {isa = PBXFileReference; lastKnownFileType = sourcecode.c.objc; path = DetailPageFooterView.m; sourceTree = "<group>"; };
		1BB8DD7E229FB3D300FFECFA /* NoImageTableViewCell.h */ = {isa = PBXFileReference; lastKnownFileType = sourcecode.c.h; path = NoImageTableViewCell.h; sourceTree = "<group>"; };
		1BB8DD7F229FB3D300FFECFA /* NoImageTableViewCell.m */ = {isa = PBXFileReference; lastKnownFileType = sourcecode.c.objc; path = NoImageTableViewCell.m; sourceTree = "<group>"; };
		1BB8DD80229FB3D300FFECFA /* NoImageTableViewCell.xib */ = {isa = PBXFileReference; lastKnownFileType = file.xib; path = NoImageTableViewCell.xib; sourceTree = "<group>"; };
		1BE182BD22967B2C00343F83 /* NewsDetailViewModel.h */ = {isa = PBXFileReference; lastKnownFileType = sourcecode.c.h; path = NewsDetailViewModel.h; sourceTree = "<group>"; };
		1BE182BE22967B2C00343F83 /* NewsDetailViewModel.m */ = {isa = PBXFileReference; lastKnownFileType = sourcecode.c.objc; path = NewsDetailViewModel.m; sourceTree = "<group>"; };
		1BE182C022967B7100343F83 /* SingleImageTableViewCell.xib */ = {isa = PBXFileReference; fileEncoding = 4; lastKnownFileType = file.xib; path = SingleImageTableViewCell.xib; sourceTree = "<group>"; };
		1BEBE321226CBA200003C151 /* NewsDetailViewController.h */ = {isa = PBXFileReference; lastKnownFileType = sourcecode.c.h; path = NewsDetailViewController.h; sourceTree = "<group>"; };
		1BEBE322226CBA200003C151 /* NewsDetailViewController.m */ = {isa = PBXFileReference; lastKnownFileType = sourcecode.c.objc; path = NewsDetailViewController.m; sourceTree = "<group>"; };
		4124A5849560543821FC1812 /* Pods-MiniHeadline.debug.xcconfig */ = {isa = PBXFileReference; includeInIndex = 1; lastKnownFileType = text.xcconfig; name = "Pods-MiniHeadline.debug.xcconfig"; path = "Target Support Files/Pods-MiniHeadline/Pods-MiniHeadline.debug.xcconfig"; sourceTree = "<group>"; };
		698AD5FBF61BFBE0EF3E660D /* libPods-MiniHeadline.a */ = {isa = PBXFileReference; explicitFileType = archive.ar; includeInIndex = 0; path = "libPods-MiniHeadline.a"; sourceTree = BUILT_PRODUCTS_DIR; };
		D60073E722C25D41003DDA07 /* star_on.png */ = {isa = PBXFileReference; lastKnownFileType = image.png; path = star_on.png; sourceTree = "<group>"; };
		D60073E922C37317003DDA07 /* CommentTwoTableViewCell.h */ = {isa = PBXFileReference; lastKnownFileType = sourcecode.c.h; path = CommentTwoTableViewCell.h; sourceTree = "<group>"; };
		D60073EA22C37317003DDA07 /* CommentTwoTableViewCell.m */ = {isa = PBXFileReference; lastKnownFileType = sourcecode.c.objc; path = CommentTwoTableViewCell.m; sourceTree = "<group>"; };
		D60073EB22C37317003DDA07 /* CommentTwoTableViewCell.xib */ = {isa = PBXFileReference; lastKnownFileType = file.xib; path = CommentTwoTableViewCell.xib; sourceTree = "<group>"; };
		D60073F422C3A64A003DDA07 /* play_list.png */ = {isa = PBXFileReference; lastKnownFileType = image.png; path = play_list.png; sourceTree = "<group>"; };
		D60073F522C3A64A003DDA07 /* shadow.png */ = {isa = PBXFileReference; lastKnownFileType = image.png; path = shadow.png; sourceTree = "<group>"; };
		D60073F622C3A64A003DDA07 /* star_on.png */ = {isa = PBXFileReference; lastKnownFileType = image.png; path = star_on.png; sourceTree = "<group>"; };
		D62F5D2222971104009F66AD /* ChoosenCommentTableViewCell.h */ = {isa = PBXFileReference; lastKnownFileType = sourcecode.c.h; path = ChoosenCommentTableViewCell.h; sourceTree = "<group>"; };
		D62F5D2322971104009F66AD /* ChoosenCommentTableViewCell.m */ = {isa = PBXFileReference; lastKnownFileType = sourcecode.c.objc; path = ChoosenCommentTableViewCell.m; sourceTree = "<group>"; };
		D62F5D2422971104009F66AD /* ChoosenCommentTableViewCell.xib */ = {isa = PBXFileReference; lastKnownFileType = file.xib; path = ChoosenCommentTableViewCell.xib; sourceTree = "<group>"; };
		D64E44C122AF58000065E673 /* VideoDetailTableViewCell.h */ = {isa = PBXFileReference; lastKnownFileType = sourcecode.c.h; path = VideoDetailTableViewCell.h; sourceTree = "<group>"; };
		D64E44C222AF58000065E673 /* VideoDetailTableViewCell.m */ = {isa = PBXFileReference; lastKnownFileType = sourcecode.c.objc; path = VideoDetailTableViewCell.m; sourceTree = "<group>"; };
		D64E44C322AF58000065E673 /* VideoDetailTableViewCell.xib */ = {isa = PBXFileReference; lastKnownFileType = file.xib; path = VideoDetailTableViewCell.xib; sourceTree = "<group>"; };
		D65AFED422C07076007B8842 /* shadow.png */ = {isa = PBXFileReference; lastKnownFileType = image.png; path = shadow.png; sourceTree = "<group>"; };
		D65AFED622C08579007B8842 /* play_list.png */ = {isa = PBXFileReference; lastKnownFileType = image.png; path = play_list.png; sourceTree = "<group>"; };
		D65AFED822C10654007B8842 /* PostViewModel.h */ = {isa = PBXFileReference; lastKnownFileType = sourcecode.c.h; path = PostViewModel.h; sourceTree = "<group>"; };
		D65AFED922C10654007B8842 /* PostViewModel.m */ = {isa = PBXFileReference; lastKnownFileType = sourcecode.c.objc; path = PostViewModel.m; sourceTree = "<group>"; };
		D692DEFF22A26B5400BF5C2F /* CommentsView.h */ = {isa = PBXFileReference; lastKnownFileType = sourcecode.c.h; path = CommentsView.h; sourceTree = "<group>"; };
		D692DF0022A26B5400BF5C2F /* SimpleVideoView.m */ = {isa = PBXFileReference; lastKnownFileType = sourcecode.c.objc; path = SimpleVideoView.m; sourceTree = "<group>"; };
		D6BC8AFF2273F23A001AFD60 /* LoadingTableViewCell.m */ = {isa = PBXFileReference; fileEncoding = 4; lastKnownFileType = sourcecode.c.objc; path = LoadingTableViewCell.m; sourceTree = "<group>"; };
		D6BC8B012273F23A001AFD60 /* LoadingTableViewCell.h */ = {isa = PBXFileReference; fileEncoding = 4; lastKnownFileType = sourcecode.c.h; path = LoadingTableViewCell.h; sourceTree = "<group>"; };
		D6BC8B0A2273F524001AFD60 /* icon_1.png */ = {isa = PBXFileReference; lastKnownFileType = image.png; path = icon_1.png; sourceTree = "<group>"; };
		D6BC8B0E2273F524001AFD60 /* icon_2.png */ = {isa = PBXFileReference; lastKnownFileType = image.png; path = icon_2.png; sourceTree = "<group>"; };
		D6BC8B1B227407BF001AFD60 /* VideoDetailViewController.h */ = {isa = PBXFileReference; lastKnownFileType = sourcecode.c.h; path = VideoDetailViewController.h; sourceTree = "<group>"; };
		D6BC8B1C227407BF001AFD60 /* VideoDetailViewController.m */ = {isa = PBXFileReference; lastKnownFileType = sourcecode.c.objc; path = VideoDetailViewController.m; sourceTree = "<group>"; };
		D6BC8B1E2276B3B1001AFD60 /* VideoTableViewCell.h */ = {isa = PBXFileReference; lastKnownFileType = sourcecode.c.h; path = VideoTableViewCell.h; sourceTree = "<group>"; };
		D6BC8B1F2276B3B1001AFD60 /* VideoTableViewCell.m */ = {isa = PBXFileReference; lastKnownFileType = sourcecode.c.objc; path = VideoTableViewCell.m; sourceTree = "<group>"; };
		D6BC8B232276DB47001AFD60 /* icon_0.png */ = {isa = PBXFileReference; lastKnownFileType = image.png; path = icon_0.png; sourceTree = "<group>"; };
		D6BC8B3222798CDB001AFD60 /* View.xib */ = {isa = PBXFileReference; lastKnownFileType = file.xib; path = View.xib; sourceTree = "<group>"; };
		D6BC8B5C2279EB3F001AFD60 /* MyVideo.h */ = {isa = PBXFileReference; fileEncoding = 4; lastKnownFileType = sourcecode.c.h; path = MyVideo.h; sourceTree = "<group>"; };
		D6BC8B5D2279EB3F001AFD60 /* MyVideo.m */ = {isa = PBXFileReference; fileEncoding = 4; lastKnownFileType = sourcecode.c.objc; path = MyVideo.m; sourceTree = "<group>"; };
		D6BC8B5F2279EC48001AFD60 /* video.mp4 */ = {isa = PBXFileReference; lastKnownFileType = file; name = video.mp4; path = MiniHeadline/Resource/image/video.mp4; sourceTree = SOURCE_ROOT; };
		D6BC8B6D227C2877001AFD60 /* MyComment.h */ = {isa = PBXFileReference; lastKnownFileType = sourcecode.c.h; path = MyComment.h; sourceTree = "<group>"; };
		D6BC8B6E227C2877001AFD60 /* MyComment.m */ = {isa = PBXFileReference; lastKnownFileType = sourcecode.c.objc; path = MyComment.m; sourceTree = "<group>"; };
		D6BC8B76227C7365001AFD60 /* CommentTableViewCell.h */ = {isa = PBXFileReference; lastKnownFileType = sourcecode.c.h; path = CommentTableViewCell.h; sourceTree = "<group>"; };
		D6BC8B77227C7365001AFD60 /* CommentTableViewCell.m */ = {isa = PBXFileReference; lastKnownFileType = sourcecode.c.objc; path = CommentTableViewCell.m; sourceTree = "<group>"; };
		D6BC8B78227C7365001AFD60 /* CommentTableViewCell.xib */ = {isa = PBXFileReference; lastKnownFileType = file.xib; path = CommentTableViewCell.xib; sourceTree = "<group>"; };
		D6BC8B7F227CAB4C001AFD60 /* View+MASShorthandAdditions.h */ = {isa = PBXFileReference; lastKnownFileType = sourcecode.c.h; name = "View+MASShorthandAdditions.h"; path = "MiniHeadline/Expand/Tool/Masonry/View+MASShorthandAdditions.h"; sourceTree = "<group>"; };
		D6BC8B80227CAB4D001AFD60 /* NSArray+MASAdditions.m */ = {isa = PBXFileReference; lastKnownFileType = sourcecode.c.objc; name = "NSArray+MASAdditions.m"; path = "MiniHeadline/Expand/Tool/Masonry/NSArray+MASAdditions.m"; sourceTree = "<group>"; };
		D6BC8B81227CAB4D001AFD60 /* MASLayoutConstraint.h */ = {isa = PBXFileReference; lastKnownFileType = sourcecode.c.h; name = MASLayoutConstraint.h; path = MiniHeadline/Expand/Tool/Masonry/MASLayoutConstraint.h; sourceTree = "<group>"; };
		D6BC8B82227CAB4D001AFD60 /* MASCompositeConstraint.m */ = {isa = PBXFileReference; lastKnownFileType = sourcecode.c.objc; name = MASCompositeConstraint.m; path = MiniHeadline/Expand/Tool/Masonry/MASCompositeConstraint.m; sourceTree = "<group>"; };
		D6BC8B83227CAB4D001AFD60 /* NSLayoutConstraint+MASDebugAdditions.m */ = {isa = PBXFileReference; lastKnownFileType = sourcecode.c.objc; name = "NSLayoutConstraint+MASDebugAdditions.m"; path = "MiniHeadline/Expand/Tool/Masonry/NSLayoutConstraint+MASDebugAdditions.m"; sourceTree = "<group>"; };
		D6BC8B84227CAB4D001AFD60 /* MASViewAttribute.m */ = {isa = PBXFileReference; lastKnownFileType = sourcecode.c.objc; name = MASViewAttribute.m; path = MiniHeadline/Expand/Tool/Masonry/MASViewAttribute.m; sourceTree = "<group>"; };
		D6BC8B85227CAB4D001AFD60 /* ViewController+MASAdditions.h */ = {isa = PBXFileReference; lastKnownFileType = sourcecode.c.h; name = "ViewController+MASAdditions.h"; path = "MiniHeadline/Expand/Tool/Masonry/ViewController+MASAdditions.h"; sourceTree = "<group>"; };
		D6BC8B86227CAB4D001AFD60 /* MASConstraint+Private.h */ = {isa = PBXFileReference; lastKnownFileType = sourcecode.c.h; name = "MASConstraint+Private.h"; path = "MiniHeadline/Expand/Tool/Masonry/MASConstraint+Private.h"; sourceTree = "<group>"; };
		D6BC8B87227CAB4D001AFD60 /* View+MASAdditions.m */ = {isa = PBXFileReference; lastKnownFileType = sourcecode.c.objc; name = "View+MASAdditions.m"; path = "MiniHeadline/Expand/Tool/Masonry/View+MASAdditions.m"; sourceTree = "<group>"; };
		D6BC8B88227CAB4D001AFD60 /* Masonry.h */ = {isa = PBXFileReference; lastKnownFileType = sourcecode.c.h; name = Masonry.h; path = MiniHeadline/Expand/Tool/Masonry/Masonry.h; sourceTree = "<group>"; };
		D6BC8B89227CAB4D001AFD60 /* NSArray+MASShorthandAdditions.h */ = {isa = PBXFileReference; lastKnownFileType = sourcecode.c.h; name = "NSArray+MASShorthandAdditions.h"; path = "MiniHeadline/Expand/Tool/Masonry/NSArray+MASShorthandAdditions.h"; sourceTree = "<group>"; };
		D6BC8B8A227CAB4D001AFD60 /* MASUtilities.h */ = {isa = PBXFileReference; lastKnownFileType = sourcecode.c.h; name = MASUtilities.h; path = MiniHeadline/Expand/Tool/Masonry/MASUtilities.h; sourceTree = "<group>"; };
		D6BC8B8B227CAB4D001AFD60 /* ViewController+MASAdditions.m */ = {isa = PBXFileReference; lastKnownFileType = sourcecode.c.objc; name = "ViewController+MASAdditions.m"; path = "MiniHeadline/Expand/Tool/Masonry/ViewController+MASAdditions.m"; sourceTree = "<group>"; };
		D6BC8B8C227CAB4D001AFD60 /* NSArray+MASAdditions.h */ = {isa = PBXFileReference; lastKnownFileType = sourcecode.c.h; name = "NSArray+MASAdditions.h"; path = "MiniHeadline/Expand/Tool/Masonry/NSArray+MASAdditions.h"; sourceTree = "<group>"; };
		D6BC8B8D227CAB4D001AFD60 /* MASConstraintMaker.h */ = {isa = PBXFileReference; lastKnownFileType = sourcecode.c.h; name = MASConstraintMaker.h; path = MiniHeadline/Expand/Tool/Masonry/MASConstraintMaker.h; sourceTree = "<group>"; };
		D6BC8B8E227CAB4D001AFD60 /* MASConstraint.h */ = {isa = PBXFileReference; lastKnownFileType = sourcecode.c.h; name = MASConstraint.h; path = MiniHeadline/Expand/Tool/Masonry/MASConstraint.h; sourceTree = "<group>"; };
		D6BC8B8F227CAB4D001AFD60 /* MASCompositeConstraint.h */ = {isa = PBXFileReference; lastKnownFileType = sourcecode.c.h; name = MASCompositeConstraint.h; path = MiniHeadline/Expand/Tool/Masonry/MASCompositeConstraint.h; sourceTree = "<group>"; };
		D6BC8B90227CAB4E001AFD60 /* View+MASAdditions.h */ = {isa = PBXFileReference; lastKnownFileType = sourcecode.c.h; name = "View+MASAdditions.h"; path = "MiniHeadline/Expand/Tool/Masonry/View+MASAdditions.h"; sourceTree = "<group>"; };
		D6BC8B91227CAB4E001AFD60 /* MASViewConstraint.h */ = {isa = PBXFileReference; lastKnownFileType = sourcecode.c.h; name = MASViewConstraint.h; path = MiniHeadline/Expand/Tool/Masonry/MASViewConstraint.h; sourceTree = "<group>"; };
		D6BC8B92227CAB4E001AFD60 /* MASConstraint.m */ = {isa = PBXFileReference; lastKnownFileType = sourcecode.c.objc; name = MASConstraint.m; path = MiniHeadline/Expand/Tool/Masonry/MASConstraint.m; sourceTree = "<group>"; };
		D6BC8B93227CAB4E001AFD60 /* NSLayoutConstraint+MASDebugAdditions.h */ = {isa = PBXFileReference; lastKnownFileType = sourcecode.c.h; name = "NSLayoutConstraint+MASDebugAdditions.h"; path = "MiniHeadline/Expand/Tool/Masonry/NSLayoutConstraint+MASDebugAdditions.h"; sourceTree = "<group>"; };
		D6BC8B94227CAB4E001AFD60 /* MASViewAttribute.h */ = {isa = PBXFileReference; lastKnownFileType = sourcecode.c.h; name = MASViewAttribute.h; path = MiniHeadline/Expand/Tool/Masonry/MASViewAttribute.h; sourceTree = "<group>"; };
		D6BC8B95227CAB4E001AFD60 /* MASConstraintMaker.m */ = {isa = PBXFileReference; lastKnownFileType = sourcecode.c.objc; name = MASConstraintMaker.m; path = MiniHeadline/Expand/Tool/Masonry/MASConstraintMaker.m; sourceTree = "<group>"; };
		D6BC8B96227CAB4E001AFD60 /* MASLayoutConstraint.m */ = {isa = PBXFileReference; lastKnownFileType = sourcecode.c.objc; name = MASLayoutConstraint.m; path = MiniHeadline/Expand/Tool/Masonry/MASLayoutConstraint.m; sourceTree = "<group>"; };
		D6BC8B97227CAB4E001AFD60 /* MASViewConstraint.m */ = {isa = PBXFileReference; lastKnownFileType = sourcecode.c.objc; name = MASViewConstraint.m; path = MiniHeadline/Expand/Tool/Masonry/MASViewConstraint.m; sourceTree = "<group>"; };
		D6BC8BB12282AE5F001AFD60 /* RecommendationVideoTableViewCell.h */ = {isa = PBXFileReference; lastKnownFileType = sourcecode.c.h; name = RecommendationVideoTableViewCell.h; path = MiniHeadline/Main/VideoPage/ViewModel/RecommendationVideoTableViewCell.h; sourceTree = SOURCE_ROOT; };
		D6BC8BB22282AE5F001AFD60 /* RecommendationVideoTableViewCell.m */ = {isa = PBXFileReference; lastKnownFileType = sourcecode.c.objc; path = RecommendationVideoTableViewCell.m; sourceTree = "<group>"; };
		D6BC8BB32282AE5F001AFD60 /* RecommendationVideoTableViewCell.xib */ = {isa = PBXFileReference; lastKnownFileType = file.xib; path = RecommendationVideoTableViewCell.xib; sourceTree = "<group>"; };
		D6BC8BB62283E66B001AFD60 /* View2.xib */ = {isa = PBXFileReference; lastKnownFileType = file.xib; path = View2.xib; sourceTree = "<group>"; };
		D6DC962C22C51A5600D02E0B /* icon_default.jpg */ = {isa = PBXFileReference; lastKnownFileType = image.jpeg; path = icon_default.jpg; sourceTree = "<group>"; };
		D6F8173C22BA6A3C001143CB /* VideoListViewModel.h */ = {isa = PBXFileReference; lastKnownFileType = sourcecode.c.h; path = VideoListViewModel.h; sourceTree = "<group>"; };
		D6F8173D22BA6A3C001143CB /* VideoListViewModel.m */ = {isa = PBXFileReference; lastKnownFileType = sourcecode.c.objc; path = VideoListViewModel.m; sourceTree = "<group>"; };
		D6F8173F22BAC684001143CB /* CommentIDViewModel.h */ = {isa = PBXFileReference; lastKnownFileType = sourcecode.c.h; path = CommentIDViewModel.h; sourceTree = "<group>"; };
		D6F8174022BAC684001143CB /* CommentIDViewModel.m */ = {isa = PBXFileReference; lastKnownFileType = sourcecode.c.objc; path = CommentIDViewModel.m; sourceTree = "<group>"; };
		D6F8174222BD4ADC001143CB /* SimpleVideoView.h */ = {isa = PBXFileReference; lastKnownFileType = sourcecode.c.h; path = SimpleVideoView.h; sourceTree = "<group>"; };
		D6F8174322BD4ADD001143CB /* CommentsView.m */ = {isa = PBXFileReference; lastKnownFileType = sourcecode.c.objc; path = CommentsView.m; sourceTree = "<group>"; };
		E1B070BB2A098023ACBA36D0 /* Pods-MiniHeadline.release.xcconfig */ = {isa = PBXFileReference; includeInIndex = 1; lastKnownFileType = text.xcconfig; name = "Pods-MiniHeadline.release.xcconfig"; path = "Target Support Files/Pods-MiniHeadline/Pods-MiniHeadline.release.xcconfig"; sourceTree = "<group>"; };
		E81158B42297F559002BA4CD /* UserInfoModel.h */ = {isa = PBXFileReference; fileEncoding = 4; lastKnownFileType = sourcecode.c.h; path = UserInfoModel.h; sourceTree = "<group>"; };
		E81158B52297F559002BA4CD /* UserInfoModel.m */ = {isa = PBXFileReference; fileEncoding = 4; lastKnownFileType = sourcecode.c.objc; path = UserInfoModel.m; sourceTree = "<group>"; };
		E81158B72297F574002BA4CD /* UserInfoController.h */ = {isa = PBXFileReference; fileEncoding = 4; lastKnownFileType = sourcecode.c.h; path = UserInfoController.h; sourceTree = "<group>"; };
		E81158B82297F575002BA4CD /* EditInfoController.h */ = {isa = PBXFileReference; fileEncoding = 4; lastKnownFileType = sourcecode.c.h; path = EditInfoController.h; sourceTree = "<group>"; };
		E81158B92297F575002BA4CD /* EditInfoController.m */ = {isa = PBXFileReference; fileEncoding = 4; lastKnownFileType = sourcecode.c.objc; path = EditInfoController.m; sourceTree = "<group>"; };
		E81158BA2297F575002BA4CD /* UserInfoController.m */ = {isa = PBXFileReference; fileEncoding = 4; lastKnownFileType = sourcecode.c.objc; path = UserInfoController.m; sourceTree = "<group>"; };
		E81158BB2297F575002BA4CD /* UserLoginController.h */ = {isa = PBXFileReference; fileEncoding = 4; lastKnownFileType = sourcecode.c.h; path = UserLoginController.h; sourceTree = "<group>"; };
		E81158BC2297F575002BA4CD /* UserLoginController.m */ = {isa = PBXFileReference; fileEncoding = 4; lastKnownFileType = sourcecode.c.objc; path = UserLoginController.m; sourceTree = "<group>"; };
		E81158CD2297F61F002BA4CD /* ChildPageViewController.h */ = {isa = PBXFileReference; fileEncoding = 4; lastKnownFileType = sourcecode.c.h; path = ChildPageViewController.h; sourceTree = "<group>"; };
		E81158CE2297F61F002BA4CD /* ChildPageViewController.m */ = {isa = PBXFileReference; fileEncoding = 4; lastKnownFileType = sourcecode.c.objc; path = ChildPageViewController.m; sourceTree = "<group>"; };
		E81158CF2297F61F002BA4CD /* ChildPageViewController.xib */ = {isa = PBXFileReference; fileEncoding = 4; lastKnownFileType = file.xib; path = ChildPageViewController.xib; sourceTree = "<group>"; };
		E81158D02297F61F002BA4CD /* InfoTableViewCell.h */ = {isa = PBXFileReference; fileEncoding = 4; lastKnownFileType = sourcecode.c.h; path = InfoTableViewCell.h; sourceTree = "<group>"; };
		E81158D12297F61F002BA4CD /* InfoTableViewCell.m */ = {isa = PBXFileReference; fileEncoding = 4; lastKnownFileType = sourcecode.c.objc; path = InfoTableViewCell.m; sourceTree = "<group>"; };
		E81158D22297F61F002BA4CD /* InfoTableViewCell.xib */ = {isa = PBXFileReference; fileEncoding = 4; lastKnownFileType = file.xib; path = InfoTableViewCell.xib; sourceTree = "<group>"; };
		E81158D32297F61F002BA4CD /* InfoTableViewCellWithPicture.h */ = {isa = PBXFileReference; fileEncoding = 4; lastKnownFileType = sourcecode.c.h; path = InfoTableViewCellWithPicture.h; sourceTree = "<group>"; };
		E81158D42297F61F002BA4CD /* InfoTableViewCellWithPicture.m */ = {isa = PBXFileReference; fileEncoding = 4; lastKnownFileType = sourcecode.c.objc; path = InfoTableViewCellWithPicture.m; sourceTree = "<group>"; };
		E81158D52297F61F002BA4CD /* InfoTableViewCellWithPicture.xib */ = {isa = PBXFileReference; fileEncoding = 4; lastKnownFileType = file.xib; path = InfoTableViewCellWithPicture.xib; sourceTree = "<group>"; };
		E81158D62297F61F002BA4CD /* NSComment.h */ = {isa = PBXFileReference; fileEncoding = 4; lastKnownFileType = sourcecode.c.h; path = NSComment.h; sourceTree = "<group>"; };
		E81158D72297F61F002BA4CD /* NSComment.m */ = {isa = PBXFileReference; fileEncoding = 4; lastKnownFileType = sourcecode.c.objc; path = NSComment.m; sourceTree = "<group>"; };
		E8893880227AAFCD003C8FB7 /* SettingViewController.m */ = {isa = PBXFileReference; fileEncoding = 4; lastKnownFileType = sourcecode.c.objc; path = SettingViewController.m; sourceTree = "<group>"; };
		E8893881227AAFCD003C8FB7 /* SettingViewController.h */ = {isa = PBXFileReference; fileEncoding = 4; lastKnownFileType = sourcecode.c.h; path = SettingViewController.h; sourceTree = "<group>"; };
		E8893883227AAFD7003C8FB7 /* UIButton+ImageTitleStyle.h */ = {isa = PBXFileReference; fileEncoding = 4; lastKnownFileType = sourcecode.c.h; path = "UIButton+ImageTitleStyle.h"; sourceTree = "<group>"; };
		E8893884227AAFD8003C8FB7 /* UIButton+ImageTitleStyle.m */ = {isa = PBXFileReference; fileEncoding = 4; lastKnownFileType = sourcecode.c.objc; path = "UIButton+ImageTitleStyle.m"; sourceTree = "<group>"; };
		E8913EE12298D401007C16CA /* Toast.m */ = {isa = PBXFileReference; fileEncoding = 4; lastKnownFileType = sourcecode.c.objc; path = Toast.m; sourceTree = "<group>"; };
		E8913EE22298D401007C16CA /* Toast.h */ = {isa = PBXFileReference; fileEncoding = 4; lastKnownFileType = sourcecode.c.h; path = Toast.h; sourceTree = "<group>"; };
		E8913EE422B48DBD007C16CA /* UserRegisterController.m */ = {isa = PBXFileReference; lastKnownFileType = sourcecode.c.objc; path = UserRegisterController.m; sourceTree = "<group>"; };
		E8913EE622B48DE0007C16CA /* UserRegisterController.h */ = {isa = PBXFileReference; lastKnownFileType = sourcecode.c.h; path = UserRegisterController.h; sourceTree = "<group>"; };
		E8913EE722B49105007C16CA /* zhuce.png */ = {isa = PBXFileReference; lastKnownFileType = image.png; path = zhuce.png; sourceTree = "<group>"; };
/* End PBXFileReference section */

/* Begin PBXFrameworksBuildPhase section */
		1B09D17A226AFF7B00BB7480 /* Frameworks */ = {
			isa = PBXFrameworksBuildPhase;
			buildActionMask = 2147483647;
			files = (
				45B703B5988019F06A193B19 /* libPods-MiniHeadline.a in Frameworks */,
			);
			runOnlyForDeploymentPostprocessing = 0;
		};
/* End PBXFrameworksBuildPhase section */

/* Begin PBXGroup section */
		1B09D174226AFF7B00BB7480 = {
			isa = PBXGroup;
			children = (
				1B09D17F226AFF7B00BB7480 /* MiniHeadline */,
				1B09D17E226AFF7B00BB7480 /* Products */,
				D6BC8B7D227CA915001AFD60 /* Frameworks */,
				EA0CB16E84F5087DBD226475 /* Pods */,
				1B0F356422C20B8700449F42 /* Recovered References */,
			);
			sourceTree = "<group>";
		};
		1B09D17E226AFF7B00BB7480 /* Products */ = {
			isa = PBXGroup;
			children = (
				1B09D17D226AFF7B00BB7480 /* MiniHeadline.app */,
			);
			name = Products;
			sourceTree = "<group>";
		};
		1B09D17F226AFF7B00BB7480 /* MiniHeadline */ = {
			isa = PBXGroup;
			children = (
				1B09D196226B000100BB7480 /* Main */,
				1BCE643C226DB5700078E11B /* Common */,
				1BCE6434226DB49F0078E11B /* Expand */,
				1BCE6433226DB4630078E11B /* Vender */,
				1B09D1A6226B006500BB7480 /* Resource */,
				1BCE641D226DB0F40078E11B /* AppEntry */,
			);
			path = MiniHeadline;
			sourceTree = "<group>";
		};
		1B09D196226B000100BB7480 /* Main */ = {
			isa = PBXGroup;
			children = (
				1BCE6423226DB35A0078E11B /* FirstPage */,
				1BCE6429226DB3DB0078E11B /* VideoPage */,
				1BCE642E226DB4230078E11B /* PersonalPage */,
			);
			path = Main;
			sourceTree = "<group>";
		};
		1B09D1A6226B006500BB7480 /* Resource */ = {
			isa = PBXGroup;
			children = (
				1B0F34F222C0CC1B00449F42 /* icon */,
				D6BC8B252279453A001AFD60 /* video */,
				1BCE641E226DB2380078E11B /* image */,
			);
			path = Resource;
			sourceTree = "<group>";
		};
		1B0F34F222C0CC1B00449F42 /* icon */ = {
			isa = PBXGroup;
			children = (
				D60073F422C3A64A003DDA07 /* play_list.png */,
				D60073F522C3A64A003DDA07 /* shadow.png */,
				D60073F622C3A64A003DDA07 /* star_on.png */,
				1B0F34F322C0CC1B00449F42 /* lishixiao.png */,
				1B0F34F422C0CC1B00449F42 /* mainpage_selected.png */,
				1B0F34F622C0CC1B00449F42 /* play_white.png */,
				1B0F34F722C0CC1B00449F42 /* pause _white.png */,
				1B0F34F822C0CC1B00449F42 /* unlike_25.png */,
				1B0F34F922C0CC1B00449F42 /* time.png */,
				1B0F34FA22C0CC1B00449F42 /* link.png */,
				1B0F34FB22C0CC1B00449F42 /* unlike_23.png */,
				1B0F34FC22C0CC1B00449F42 /* edit_label.png */,
				1B0F34FD22C0CC1B00449F42 /* comments.png */,
				1B0F34FE22C0CC1B00449F42 /* unlike-fill_25.png */,
				1B0F34FF22C0CC1B00449F42 /* like_unselected.png */,
				1B0F350022C0CC1B00449F42 /* video_selected.png */,
				1B0F350122C0CC1B00449F42 /* destination.png */,
				1B0F350222C0CC1B00449F42 /* pinglun.png */,
				1B0F350322C0CC1B00449F42 /* personal_unselected.png */,
				1B0F350422C0CC1B00449F42 /* tianjiahaoyou.png */,
				1B0F350522C0CC1B00449F42 /* star_selected.png */,
				1B0F350622C0CC1B00449F42 /* unlike-fill_23.png */,
				1B0F350722C0CC1B00449F42 /* share_white.png */,
				1B0F350822C0CC1B00449F42 /* price.png */,
				1B0F350922C0CC1B00449F42 /* find.png */,
				1B0F350A22C0CC1B00449F42 /* Share_25.png */,
				1B0F350B22C0CC1B00449F42 /* like_23.png */,
				1B0F350C22C0CC1B00449F42 /* university_logo.jpg */,
				1B0F350D22C0CC1B00449F42 /* pause.png */,
				1B0F350E22C0CC1B00449F42 /* logo.png */,
				1B0F350F22C0CC1B00449F42 /* video_unselected.png */,
				1B0F351022C0CC1B00449F42 /* star_unselected.png */,
				1B0F351122C0CC1B00449F42 /* star_25.png */,
				1B0F351222C0CC1B00449F42 /* comment.png */,
				1B0F351322C0CC1B00449F42 /* shoucang.png */,
				1B0F351422C0CC1B00449F42 /* like_25.png */,
				1B0F351522C0CC1B00449F42 /* share.png */,
				1B0F351622C0CC1B00449F42 /* back_white_25.png */,
				1B0F351722C0CC1B00449F42 /* like_selected.png */,
				1B0F351822C0CC1B00449F42 /* dianzan.png */,
				1B0F351922C0CC1B00449F42 /* mainpage_unselected.png */,
				1B0F351A22C0CC1B00449F42 /* back_white.png */,
				1B0F351C22C0CC1B00449F42 /* full-screen.png */,
				1B0F351D22C0CC1B00449F42 /* jiantou.png */,
				1B0F351E22C0CC1B00449F42 /* like-fill_23.png */,
				1B0F351F22C0CC1B00449F42 /* write.png */,
				1B0F352022C0CC1B00449F42 /* next_black.png */,
				1B0F352122C0CC1B00449F42 /* more.png */,
				1B0F352222C0CC1B00449F42 /* personal_selected.png */,
				1B0F352322C0CC1B00449F42 /* camera.png */,
				1B0F352422C0CC1B00449F42 /* play.png */,
				1B0F352522C0CC1B00449F42 /* back.png */,
				1B0F352622C0CC1B00449F42 /* like-fill_25.png */,
				1B0F352722C0CC1B00449F42 /* close.png */,
			);
			path = icon;
			sourceTree = "<group>";
		};
		1B0F356422C20B8700449F42 /* Recovered References */ = {
			isa = PBXGroup;
			children = (
				E8913EE722B49105007C16CA /* zhuce.png */,
				D60073E722C25D41003DDA07 /* star_on.png */,
				D65AFED622C08579007B8842 /* play_list.png */,
				D65AFED422C07076007B8842 /* shadow.png */,
			);
			name = "Recovered References";
			sourceTree = "<group>";
		};
		1BCE641D226DB0F40078E11B /* AppEntry */ = {
			isa = PBXGroup;
			children = (
				1B09D180226AFF7B00BB7480 /* AppDelegate.h */,
				1B09D181226AFF7B00BB7480 /* AppDelegate.m */,
				1B09D183226AFF7B00BB7480 /* ViewController.h */,
				1B09D184226AFF7B00BB7480 /* ViewController.m */,
				1B09D18E226AFF7C00BB7480 /* Info.plist */,
				1B09D18F226AFF7C00BB7480 /* main.m */,
				1B09D186226AFF7B00BB7480 /* Main.storyboard */,
				1B09D18B226AFF7C00BB7480 /* LaunchScreen.storyboard */,
			);
			path = AppEntry;
			sourceTree = "<group>";
		};
		1BCE641E226DB2380078E11B /* image */ = {
			isa = PBXGroup;
			children = (
				D6DC962C22C51A5600D02E0B /* icon_default.jpg */,
				D6BC8B232276DB47001AFD60 /* icon_0.png */,
				D6BC8B0A2273F524001AFD60 /* icon_1.png */,
				D6BC8B0E2273F524001AFD60 /* icon_2.png */,
				1B69A99B226EF8B2008B5A16 /* toutiao.png */,
				1B09D189226AFF7C00BB7480 /* Assets.xcassets */,
			);
			path = image;
			sourceTree = "<group>";
		};
		1BCE6423226DB35A0078E11B /* FirstPage */ = {
			isa = PBXGroup;
			children = (
				1BCE6428226DB3A60078E11B /* Controller */,
				1BCE6427226DB3920078E11B /* ViewModel */,
				1BCE6426226DB38D0078E11B /* View */,
				1BCE6425226DB37E0078E11B /* Model */,
			);
			path = FirstPage;
			sourceTree = "<group>";
		};
		1BCE6425226DB37E0078E11B /* Model */ = {
			isa = PBXGroup;
			children = (
				1B69A998226EF664008B5A16 /* NewsModel.h */,
				1B69A999226EF664008B5A16 /* NewsModel.m */,
			);
			path = Model;
			sourceTree = "<group>";
		};
		1BCE6426226DB38D0078E11B /* View */ = {
			isa = PBXGroup;
			children = (
				1BB8DD7E229FB3D300FFECFA /* NoImageTableViewCell.h */,
				1BB8DD7F229FB3D300FFECFA /* NoImageTableViewCell.m */,
				1BB8DD80229FB3D300FFECFA /* NoImageTableViewCell.xib */,
				1B69A99D226F5900008B5A16 /* SingleImageTableViewCell.h */,
				1B69A994226EF424008B5A16 /* SingleImageTableViewCell.m */,
				1BE182C022967B7100343F83 /* SingleImageTableViewCell.xib */,
				1B043DE12298C04000EB0F3A /* MultiImageTableViewCell.h */,
				1B043DE22298C04000EB0F3A /* MultiImageTableViewCell.m */,
				1B043DE32298C04000EB0F3A /* MultiImageTableViewCell.xib */,
				1B0F355D22C0CEAF00449F42 /* PublisherInfoTableViewCell.h */,
				1B0F355E22C0CEAF00449F42 /* PublisherInfoTableViewCell.m */,
				1B0F355F22C0CEAF00449F42 /* PublisherInfoTableViewCell.xib */,
				1B3677DF22A4BAAD00B0D458 /* DetailPageHeaderView.h */,
				1B3677E022A4BAAD00B0D458 /* DetailPageHeaderView.m */,
				1B846D6022A6193900378CD5 /* DetailPageFooterView.h */,
				1B846D6122A6193900378CD5 /* DetailPageFooterView.m */,
			);
			path = View;
			sourceTree = "<group>";
		};
		1BCE6427226DB3920078E11B /* ViewModel */ = {
			isa = PBXGroup;
			children = (
				1B7485A8229536AB00E508A8 /* FirstPageViewModel.h */,
				1B7485A9229536AB00E508A8 /* FirstPageViewModel.m */,
				1BE182BD22967B2C00343F83 /* NewsDetailViewModel.h */,
				1BE182BE22967B2C00343F83 /* NewsDetailViewModel.m */,
			);
			path = ViewModel;
			sourceTree = "<group>";
		};
		1BCE6428226DB3A60078E11B /* Controller */ = {
			isa = PBXGroup;
			children = (
				1B09D197226B002C00BB7480 /* FirstPageViewController.h */,
				1B09D198226B002C00BB7480 /* FirstPageViewController.m */,
				1BEBE321226CBA200003C151 /* NewsDetailViewController.h */,
				1BEBE322226CBA200003C151 /* NewsDetailViewController.m */,
				1B7F82AA227052DC000165F6 /* SearchViewController.h */,
				1B7F82AB227052DC000165F6 /* SearchViewController.m */,
			);
			path = Controller;
			sourceTree = "<group>";
		};
		1BCE6429226DB3DB0078E11B /* VideoPage */ = {
			isa = PBXGroup;
			children = (
				1BCE642D226DB4050078E11B /* Controller */,
				1BCE642C226DB3FA0078E11B /* ViewModel */,
				1BCE642B226DB3F40078E11B /* View */,
				1BCE642A226DB3EB0078E11B /* Model */,
			);
			path = VideoPage;
			sourceTree = "<group>";
		};
		1BCE642A226DB3EB0078E11B /* Model */ = {
			isa = PBXGroup;
			children = (
				D6BC8B5C2279EB3F001AFD60 /* MyVideo.h */,
				D6BC8B5D2279EB3F001AFD60 /* MyVideo.m */,
				D6BC8B6D227C2877001AFD60 /* MyComment.h */,
				D6BC8B6E227C2877001AFD60 /* MyComment.m */,
			);
			path = Model;
			sourceTree = "<group>";
		};
		1BCE642B226DB3F40078E11B /* View */ = {
			isa = PBXGroup;
			children = (
				D6BC8B3222798CDB001AFD60 /* View.xib */,
				D6BC8BB62283E66B001AFD60 /* View2.xib */,
				D6BC8B012273F23A001AFD60 /* LoadingTableViewCell.h */,
				D6BC8AFF2273F23A001AFD60 /* LoadingTableViewCell.m */,
				D6BC8B1E2276B3B1001AFD60 /* VideoTableViewCell.h */,
				D6BC8B1F2276B3B1001AFD60 /* VideoTableViewCell.m */,
				D6BC8B76227C7365001AFD60 /* CommentTableViewCell.h */,
				D6BC8B77227C7365001AFD60 /* CommentTableViewCell.m */,
				D6BC8B78227C7365001AFD60 /* CommentTableViewCell.xib */,
				D6BC8BB12282AE5F001AFD60 /* RecommendationVideoTableViewCell.h */,
				D6BC8BB22282AE5F001AFD60 /* RecommendationVideoTableViewCell.m */,
				D6BC8BB32282AE5F001AFD60 /* RecommendationVideoTableViewCell.xib */,
				D62F5D2222971104009F66AD /* ChoosenCommentTableViewCell.h */,
				D62F5D2322971104009F66AD /* ChoosenCommentTableViewCell.m */,
				D62F5D2422971104009F66AD /* ChoosenCommentTableViewCell.xib */,
				D64E44C122AF58000065E673 /* VideoDetailTableViewCell.h */,
				D64E44C222AF58000065E673 /* VideoDetailTableViewCell.m */,
				D64E44C322AF58000065E673 /* VideoDetailTableViewCell.xib */,
				D60073E922C37317003DDA07 /* CommentTwoTableViewCell.h */,
				D60073EA22C37317003DDA07 /* CommentTwoTableViewCell.m */,
				D60073EB22C37317003DDA07 /* CommentTwoTableViewCell.xib */,
				D692DEFF22A26B5400BF5C2F /* CommentsView.h */,
				D6F8174322BD4ADD001143CB /* CommentsView.m */,
				D6F8174222BD4ADC001143CB /* SimpleVideoView.h */,
				D692DF0022A26B5400BF5C2F /* SimpleVideoView.m */,
			);
			path = View;
			sourceTree = "<group>";
		};
		1BCE642C226DB3FA0078E11B /* ViewModel */ = {
			isa = PBXGroup;
			children = (
				D6F8173C22BA6A3C001143CB /* VideoListViewModel.h */,
				D6F8173D22BA6A3C001143CB /* VideoListViewModel.m */,
				D6F8173F22BAC684001143CB /* CommentIDViewModel.h */,
				D6F8174022BAC684001143CB /* CommentIDViewModel.m */,
				D65AFED822C10654007B8842 /* PostViewModel.h */,
				D65AFED922C10654007B8842 /* PostViewModel.m */,
			);
			path = ViewModel;
			sourceTree = "<group>";
		};
		1BCE642D226DB4050078E11B /* Controller */ = {
			isa = PBXGroup;
			children = (
				1B09D19C226B004100BB7480 /* VideoPageViewController.h */,
				1B09D19D226B004100BB7480 /* VideoPageViewController.m */,
				D6BC8B1B227407BF001AFD60 /* VideoDetailViewController.h */,
				D6BC8B1C227407BF001AFD60 /* VideoDetailViewController.m */,
			);
			path = Controller;
			sourceTree = "<group>";
		};
		1BCE642E226DB4230078E11B /* PersonalPage */ = {
			isa = PBXGroup;
			children = (
				1BCE6432226DB44C0078E11B /* Controller */,
				1BCE6431226DB4450078E11B /* ViewModel */,
				1BCE6430226DB43F0078E11B /* View */,
				1BCE642F226DB42D0078E11B /* Model */,
			);
			path = PersonalPage;
			sourceTree = "<group>";
		};
		1BCE642F226DB42D0078E11B /* Model */ = {
			isa = PBXGroup;
			children = (
				E81158D62297F61F002BA4CD /* NSComment.h */,
				E81158D72297F61F002BA4CD /* NSComment.m */,
				E81158B42297F559002BA4CD /* UserInfoModel.h */,
				E81158B52297F559002BA4CD /* UserInfoModel.m */,
			);
			path = Model;
			sourceTree = "<group>";
		};
		1BCE6430226DB43F0078E11B /* View */ = {
			isa = PBXGroup;
			children = (
				E81158CF2297F61F002BA4CD /* ChildPageViewController.xib */,
				E81158D32297F61F002BA4CD /* InfoTableViewCellWithPicture.h */,
				E81158D42297F61F002BA4CD /* InfoTableViewCellWithPicture.m */,
				E81158D52297F61F002BA4CD /* InfoTableViewCellWithPicture.xib */,
				E81158D02297F61F002BA4CD /* InfoTableViewCell.h */,
				E81158D12297F61F002BA4CD /* InfoTableViewCell.m */,
				E81158D22297F61F002BA4CD /* InfoTableViewCell.xib */,
			);
			path = View;
			sourceTree = "<group>";
		};
		1BCE6431226DB4450078E11B /* ViewModel */ = {
			isa = PBXGroup;
			children = (
			);
			path = ViewModel;
			sourceTree = "<group>";
		};
		1BCE6432226DB44C0078E11B /* Controller */ = {
			isa = PBXGroup;
			children = (
				E8913EE622B48DE0007C16CA /* UserRegisterController.h */,
				E8913EE422B48DBD007C16CA /* UserRegisterController.m */,
				E81158BB2297F575002BA4CD /* UserLoginController.h */,
				E81158BC2297F575002BA4CD /* UserLoginController.m */,
				E81158B82297F575002BA4CD /* EditInfoController.h */,
				E81158B92297F575002BA4CD /* EditInfoController.m */,
				E81158B72297F574002BA4CD /* UserInfoController.h */,
				E81158BA2297F575002BA4CD /* UserInfoController.m */,
				E8893881227AAFCD003C8FB7 /* SettingViewController.h */,
				E8893880227AAFCD003C8FB7 /* SettingViewController.m */,
				1B09D1A1226B005500BB7480 /* PersonalPageViewController.h */,
				1B09D1A2226B005500BB7480 /* PersonalPageViewController.m */,
				E81158CD2297F61F002BA4CD /* ChildPageViewController.h */,
				E81158CE2297F61F002BA4CD /* ChildPageViewController.m */,
			);
			path = Controller;
			sourceTree = "<group>";
		};
		1BCE6433226DB4630078E11B /* Vender */ = {
			isa = PBXGroup;
			children = (
			);
			path = Vender;
			sourceTree = "<group>";
		};
		1BCE6434226DB49F0078E11B /* Expand */ = {
			isa = PBXGroup;
			children = (
				1BCE643A226DB5110078E11B /* Database */,
				1BCE6439226DB50E0078E11B /* Network */,
				1BCE6438226DB50C0078E11B /* Category */,
				1BCE6437226DB50A0078E11B /* Tool */,
				1BCE6436226DB5070078E11B /* Macros */,
				1BCE6435226DB5030078E11B /* Const */,
			);
			path = Expand;
			sourceTree = "<group>";
		};
		1BCE6435226DB5030078E11B /* Const */ = {
			isa = PBXGroup;
			children = (
			);
			path = Const;
			sourceTree = "<group>";
		};
		1BCE6436226DB5070078E11B /* Macros */ = {
			isa = PBXGroup;
			children = (
			);
			path = Macros;
			sourceTree = "<group>";
		};
		1BCE6437226DB50A0078E11B /* Tool */ = {
			isa = PBXGroup;
			children = (
			);
			path = Tool;
			sourceTree = "<group>";
		};
		1BCE6438226DB50C0078E11B /* Category */ = {
			isa = PBXGroup;
			children = (
			);
			path = Category;
			sourceTree = "<group>";
		};
		1BCE6439226DB50E0078E11B /* Network */ = {
			isa = PBXGroup;
			children = (
			);
			path = Network;
			sourceTree = "<group>";
		};
		1BCE643A226DB5110078E11B /* Database */ = {
			isa = PBXGroup;
			children = (
			);
			path = Database;
			sourceTree = "<group>";
		};
		1BCE643C226DB5700078E11B /* Common */ = {
			isa = PBXGroup;
			children = (
				1B17BCF5227197C300F30CEF /* UIColor+Hex.h */,
				1B17BCF6227197C300F30CEF /* UIColor+Hex.m */,
				E8913EE22298D401007C16CA /* Toast.h */,
				E8913EE12298D401007C16CA /* Toast.m */,
				E8893883227AAFD7003C8FB7 /* UIButton+ImageTitleStyle.h */,
				E8893884227AAFD8003C8FB7 /* UIButton+ImageTitleStyle.m */,
			);
			path = Common;
			sourceTree = "<group>";
		};
		D6BC8B252279453A001AFD60 /* video */ = {
			isa = PBXGroup;
			children = (
				D6BC8B5F2279EC48001AFD60 /* video.mp4 */,
			);
			path = video;
			sourceTree = "<group>";
		};
		D6BC8B7D227CA915001AFD60 /* Frameworks */ = {
			isa = PBXGroup;
			children = (
				D6BC8B8F227CAB4D001AFD60 /* MASCompositeConstraint.h */,
				D6BC8B82227CAB4D001AFD60 /* MASCompositeConstraint.m */,
				D6BC8B8E227CAB4D001AFD60 /* MASConstraint.h */,
				D6BC8B92227CAB4E001AFD60 /* MASConstraint.m */,
				D6BC8B86227CAB4D001AFD60 /* MASConstraint+Private.h */,
				D6BC8B8D227CAB4D001AFD60 /* MASConstraintMaker.h */,
				D6BC8B95227CAB4E001AFD60 /* MASConstraintMaker.m */,
				D6BC8B81227CAB4D001AFD60 /* MASLayoutConstraint.h */,
				D6BC8B96227CAB4E001AFD60 /* MASLayoutConstraint.m */,
				D6BC8B88227CAB4D001AFD60 /* Masonry.h */,
				D6BC8B8A227CAB4D001AFD60 /* MASUtilities.h */,
				D6BC8B94227CAB4E001AFD60 /* MASViewAttribute.h */,
				D6BC8B84227CAB4D001AFD60 /* MASViewAttribute.m */,
				D6BC8B91227CAB4E001AFD60 /* MASViewConstraint.h */,
				D6BC8B97227CAB4E001AFD60 /* MASViewConstraint.m */,
				D6BC8B8C227CAB4D001AFD60 /* NSArray+MASAdditions.h */,
				D6BC8B80227CAB4D001AFD60 /* NSArray+MASAdditions.m */,
				D6BC8B89227CAB4D001AFD60 /* NSArray+MASShorthandAdditions.h */,
				D6BC8B93227CAB4E001AFD60 /* NSLayoutConstraint+MASDebugAdditions.h */,
				D6BC8B83227CAB4D001AFD60 /* NSLayoutConstraint+MASDebugAdditions.m */,
				D6BC8B90227CAB4E001AFD60 /* View+MASAdditions.h */,
				D6BC8B87227CAB4D001AFD60 /* View+MASAdditions.m */,
				D6BC8B7F227CAB4C001AFD60 /* View+MASShorthandAdditions.h */,
				D6BC8B85227CAB4D001AFD60 /* ViewController+MASAdditions.h */,
				D6BC8B8B227CAB4D001AFD60 /* ViewController+MASAdditions.m */,
				698AD5FBF61BFBE0EF3E660D /* libPods-MiniHeadline.a */,
			);
			name = Frameworks;
			sourceTree = "<group>";
		};
		EA0CB16E84F5087DBD226475 /* Pods */ = {
			isa = PBXGroup;
			children = (
				4124A5849560543821FC1812 /* Pods-MiniHeadline.debug.xcconfig */,
				E1B070BB2A098023ACBA36D0 /* Pods-MiniHeadline.release.xcconfig */,
			);
			path = Pods;
			sourceTree = "<group>";
		};
/* End PBXGroup section */

/* Begin PBXNativeTarget section */
		1B09D17C226AFF7B00BB7480 /* MiniHeadline */ = {
			isa = PBXNativeTarget;
			buildConfigurationList = 1B09D193226AFF7C00BB7480 /* Build configuration list for PBXNativeTarget "MiniHeadline" */;
			buildPhases = (
				65C55B55D19B03134DBDF42B /* [CP] Check Pods Manifest.lock */,
				1B09D179226AFF7B00BB7480 /* Sources */,
				1B09D17A226AFF7B00BB7480 /* Frameworks */,
				1B09D17B226AFF7B00BB7480 /* Resources */,
				A49A4FF4A630959024605822 /* [CP] Copy Pods Resources */,
			);
			buildRules = (
			);
			dependencies = (
			);
			name = MiniHeadline;
			productName = MiniHeadline;
			productReference = 1B09D17D226AFF7B00BB7480 /* MiniHeadline.app */;
			productType = "com.apple.product-type.application";
		};
/* End PBXNativeTarget section */

/* Begin PBXProject section */
		1B09D175226AFF7B00BB7480 /* Project object */ = {
			isa = PBXProject;
			attributes = {
				LastUpgradeCheck = 1020;
				ORGANIZATIONNAME = Booooby;
				TargetAttributes = {
					1B09D17C226AFF7B00BB7480 = {
						CreatedOnToolsVersion = 10.2.1;
					};
				};
			};
			buildConfigurationList = 1B09D178226AFF7B00BB7480 /* Build configuration list for PBXProject "MiniHeadline" */;
			compatibilityVersion = "Xcode 9.3";
			developmentRegion = en;
			hasScannedForEncodings = 0;
			knownRegions = (
				en,
				Base,
			);
			mainGroup = 1B09D174226AFF7B00BB7480;
			productRefGroup = 1B09D17E226AFF7B00BB7480 /* Products */;
			projectDirPath = "";
			projectRoot = "";
			targets = (
				1B09D17C226AFF7B00BB7480 /* MiniHeadline */,
			);
		};
/* End PBXProject section */

/* Begin PBXResourcesBuildPhase section */
		1B09D17B226AFF7B00BB7480 /* Resources */ = {
			isa = PBXResourcesBuildPhase;
			buildActionMask = 2147483647;
			files = (
				1B0F354F22C0CC1B00449F42 /* back_white.png in Resources */,
				D6BC8BB52282AE5F001AFD60 /* RecommendationVideoTableViewCell.xib in Resources */,
				1B0F355222C0CC1B00449F42 /* jiantou.png in Resources */,
				1B0F353922C0CC1B00449F42 /* tianjiahaoyou.png in Resources */,
				D60073F922C3A64A003DDA07 /* star_on.png in Resources */,
				1B0F353C22C0CC1B00449F42 /* share_white.png in Resources */,
				1B0F354D22C0CC1B00449F42 /* dianzan.png in Resources */,
				1B043DE52298C04000EB0F3A /* MultiImageTableViewCell.xib in Resources */,
				1B0F354122C0CC1B00449F42 /* university_logo.jpg in Resources */,
				D64E44C522AF58000065E673 /* VideoDetailTableViewCell.xib in Resources */,
				1B0F354022C0CC1B00449F42 /* like_23.png in Resources */,
				1B0F353422C0CC1B00449F42 /* like_unselected.png in Resources */,
				E81158D92297F61F002BA4CD /* ChildPageViewController.xib in Resources */,
				1B0F356122C0CEAF00449F42 /* PublisherInfoTableViewCell.xib in Resources */,
				1B0F353022C0CC1B00449F42 /* unlike_23.png in Resources */,
				1B0F353122C0CC1B00449F42 /* edit_label.png in Resources */,
				E81158DB2297F61F002BA4CD /* InfoTableViewCell.xib in Resources */,
				1B0F355322C0CC1B00449F42 /* like-fill_23.png in Resources */,
				1B0F353E22C0CC1B00449F42 /* find.png in Resources */,
				1B0F355822C0CC1B00449F42 /* camera.png in Resources */,
				D6BC8B3322798CDB001AFD60 /* View.xib in Resources */,
				D60073F722C3A64A003DDA07 /* play_list.png in Resources */,
				1B0F354322C0CC1B00449F42 /* logo.png in Resources */,
				D6BC8B142273F524001AFD60 /* icon_2.png in Resources */,
				1B0F354222C0CC1B00449F42 /* pause.png in Resources */,
				1B0F352B22C0CC1B00449F42 /* play_white.png in Resources */,
				1B0F352D22C0CC1B00449F42 /* unlike_25.png in Resources */,
				1B0F352F22C0CC1B00449F42 /* link.png in Resources */,
				D62F5D2622971104009F66AD /* ChoosenCommentTableViewCell.xib in Resources */,
				1B0F353622C0CC1B00449F42 /* destination.png in Resources */,
				1B0F354622C0CC1B00449F42 /* star_25.png in Resources */,
				1B0F355722C0CC1B00449F42 /* personal_selected.png in Resources */,
				1B0F355B22C0CC1B00449F42 /* like-fill_25.png in Resources */,
				1B0F354A22C0CC1B00449F42 /* share.png in Resources */,
				1BB8DD82229FB3D300FFECFA /* NoImageTableViewCell.xib in Resources */,
				1B09D18D226AFF7C00BB7480 /* LaunchScreen.storyboard in Resources */,
				1B0F353822C0CC1B00449F42 /* personal_unselected.png in Resources */,
				1B0F355122C0CC1B00449F42 /* full-screen.png in Resources */,
				1B0F353722C0CC1B00449F42 /* pinglun.png in Resources */,
				1B0F355622C0CC1B00449F42 /* more.png in Resources */,
				1B0F353522C0CC1B00449F42 /* video_selected.png in Resources */,
				1B0F354C22C0CC1B00449F42 /* like_selected.png in Resources */,
				1B0F353322C0CC1B00449F42 /* unlike-fill_25.png in Resources */,
				1B0F354922C0CC1B00449F42 /* like_25.png in Resources */,
				1B0F354422C0CC1B00449F42 /* video_unselected.png in Resources */,
				1B0F353A22C0CC1B00449F42 /* star_selected.png in Resources */,
				1B0F355522C0CC1B00449F42 /* next_black.png in Resources */,
				1B0F353B22C0CC1B00449F42 /* unlike-fill_23.png in Resources */,
				1B0F352C22C0CC1B00449F42 /* pause _white.png in Resources */,
				D6BC8BB72283E66B001AFD60 /* View2.xib in Resources */,
				D6BC8B602279EC49001AFD60 /* video.mp4 in Resources */,
				D60073ED22C37317003DDA07 /* CommentTwoTableViewCell.xib in Resources */,
				1B09D18A226AFF7C00BB7480 /* Assets.xcassets in Resources */,
				1B0F354522C0CC1B00449F42 /* star_unselected.png in Resources */,
				D6BC8B7A227C7365001AFD60 /* CommentTableViewCell.xib in Resources */,
				1B0F353222C0CC1B00449F42 /* comments.png in Resources */,
				1B0F353F22C0CC1B00449F42 /* Share_25.png in Resources */,
				E81158DD2297F61F002BA4CD /* InfoTableViewCellWithPicture.xib in Resources */,
				1B09D188226AFF7B00BB7480 /* Main.storyboard in Resources */,
				1B0F354E22C0CC1B00449F42 /* mainpage_unselected.png in Resources */,
				1B0F352922C0CC1B00449F42 /* mainpage_selected.png in Resources */,
				1B0F354822C0CC1B00449F42 /* shoucang.png in Resources */,
				1B0F354B22C0CC1B00449F42 /* back_white_25.png in Resources */,
				1B0F355C22C0CC1B00449F42 /* close.png in Resources */,
				1B09D188226AFF7B00BB7480 /* Main.storyboard in Resources */,
				D6BC8B102273F524001AFD60 /* icon_1.png in Resources */,
				1BE182C122967B7100343F83 /* SingleImageTableViewCell.xib in Resources */,
				1B0F355922C0CC1B00449F42 /* play.png in Resources */,
				1B0F355422C0CC1B00449F42 /* write.png in Resources */,
				1B0F354722C0CC1B00449F42 /* comment.png in Resources */,
				D6BC8B242276DB47001AFD60 /* icon_0.png in Resources */,
				1B0F352822C0CC1B00449F42 /* lishixiao.png in Resources */,
				1B0F355A22C0CC1B00449F42 /* back.png in Resources */,
				1B0F352E22C0CC1B00449F42 /* time.png in Resources */,
				1B0F353D22C0CC1B00449F42 /* price.png in Resources */,
				D60073F822C3A64A003DDA07 /* shadow.png in Resources */,
				D6DC962D22C51A5600D02E0B /* icon_default.jpg in Resources */,
			);
			runOnlyForDeploymentPostprocessing = 0;
		};
/* End PBXResourcesBuildPhase section */

/* Begin PBXShellScriptBuildPhase section */
		65C55B55D19B03134DBDF42B /* [CP] Check Pods Manifest.lock */ = {
			isa = PBXShellScriptBuildPhase;
			buildActionMask = 2147483647;
			files = (
			);
			inputFileListPaths = (
			);
			inputPaths = (
				"${PODS_PODFILE_DIR_PATH}/Podfile.lock",
				"${PODS_ROOT}/Manifest.lock",
			);
			name = "[CP] Check Pods Manifest.lock";
			outputFileListPaths = (
			);
			outputPaths = (
				"$(DERIVED_FILE_DIR)/Pods-MiniHeadline-checkManifestLockResult.txt",
			);
			runOnlyForDeploymentPostprocessing = 0;
			shellPath = /bin/sh;
			shellScript = "diff \"${PODS_PODFILE_DIR_PATH}/Podfile.lock\" \"${PODS_ROOT}/Manifest.lock\" > /dev/null\nif [ $? != 0 ] ; then\n    # print error to STDERR\n    echo \"error: The sandbox is not in sync with the Podfile.lock. Run 'pod install' or update your CocoaPods installation.\" >&2\n    exit 1\nfi\n# This output is used by Xcode 'outputs' to avoid re-running this script phase.\necho \"SUCCESS\" > \"${SCRIPT_OUTPUT_FILE_0}\"\n";
			showEnvVarsInLog = 0;
		};
		A49A4FF4A630959024605822 /* [CP] Copy Pods Resources */ = {
			isa = PBXShellScriptBuildPhase;
			buildActionMask = 2147483647;
			files = (
			);
			inputFileListPaths = (
				"${PODS_ROOT}/Target Support Files/Pods-MiniHeadline/Pods-MiniHeadline-resources-${CONFIGURATION}-input-files.xcfilelist",
			);
			name = "[CP] Copy Pods Resources";
			outputFileListPaths = (
				"${PODS_ROOT}/Target Support Files/Pods-MiniHeadline/Pods-MiniHeadline-resources-${CONFIGURATION}-output-files.xcfilelist",
			);
			runOnlyForDeploymentPostprocessing = 0;
			shellPath = /bin/sh;
			shellScript = "\"${PODS_ROOT}/Target Support Files/Pods-MiniHeadline/Pods-MiniHeadline-resources.sh\"\n";
			showEnvVarsInLog = 0;
		};
/* End PBXShellScriptBuildPhase section */

/* Begin PBXSourcesBuildPhase section */
		1B09D179226AFF7B00BB7480 /* Sources */ = {
			isa = PBXSourcesBuildPhase;
			buildActionMask = 2147483647;
			files = (
				D6F8174422BD4ADD001143CB /* CommentsView.m in Sources */,
				D6BC8BB42282AE5F001AFD60 /* RecommendationVideoTableViewCell.m in Sources */,
				1B09D19A226B002C00BB7480 /* FirstPageViewController.m in Sources */,
				E81158DE2297F61F002BA4CD /* NSComment.m in Sources */,
				D6BC8B5E2279EB3F001AFD60 /* MyVideo.m in Sources */,
				D6BC8B79227C7365001AFD60 /* CommentTableViewCell.m in Sources */,
				E8893885227AAFD8003C8FB7 /* UIButton+ImageTitleStyle.m in Sources */,
				1BEBE323226CBA200003C151 /* NewsDetailViewController.m in Sources */,
				D6BC8B042273F23A001AFD60 /* LoadingTableViewCell.m in Sources */,
				1B7F82AC227052DC000165F6 /* SearchViewController.m in Sources */,
				1B09D185226AFF7B00BB7480 /* ViewController.m in Sources */,
				1B09D19F226B004100BB7480 /* VideoPageViewController.m in Sources */,
				1BE182BF22967B2C00343F83 /* NewsDetailViewModel.m in Sources */,
				E81158BE2297F575002BA4CD /* UserInfoController.m in Sources */,
				D65AFEDA22C10654007B8842 /* PostViewModel.m in Sources */,
				1B69A99A226EF664008B5A16 /* NewsModel.m in Sources */,
				E81158DA2297F61F002BA4CD /* InfoTableViewCell.m in Sources */,
				D6F8174122BAC684001143CB /* CommentIDViewModel.m in Sources */,
				E81158B62297F55A002BA4CD /* UserInfoModel.m in Sources */,
				E81158BD2297F575002BA4CD /* EditInfoController.m in Sources */,
				D60073EC22C37317003DDA07 /* CommentTwoTableViewCell.m in Sources */,
				1B09D190226AFF7C00BB7480 /* main.m in Sources */,
				1B69A996226EF424008B5A16 /* SingleImageTableViewCell.m in Sources */,
				D6F8173E22BA6A3C001143CB /* VideoListViewModel.m in Sources */,
				D62F5D2522971104009F66AD /* ChoosenCommentTableViewCell.m in Sources */,
				D692DF0122A26B5500BF5C2F /* SimpleVideoView.m in Sources */,
				D6BC8B212276B3B1001AFD60 /* VideoTableViewCell.m in Sources */,
				E81158BF2297F575002BA4CD /* UserLoginController.m in Sources */,
				E81158D82297F61F002BA4CD /* ChildPageViewController.m in Sources */,
				D64E44C422AF58000065E673 /* VideoDetailTableViewCell.m in Sources */,
				1B17BCF7227197C300F30CEF /* UIColor+Hex.m in Sources */,
				1B09D182226AFF7B00BB7480 /* AppDelegate.m in Sources */,
				1B09D1A4226B005500BB7480 /* PersonalPageViewController.m in Sources */,
				D6BC8B6F227C2877001AFD60 /* MyComment.m in Sources */,
				D6BC8B1D227407BF001AFD60 /* VideoDetailViewController.m in Sources */,
				E81158DC2297F61F002BA4CD /* InfoTableViewCellWithPicture.m in Sources */,
				1B043DE42298C04000EB0F3A /* MultiImageTableViewCell.m in Sources */,
				E8913EE32298D401007C16CA /* Toast.m in Sources */,
				1B846D6222A6193900378CD5 /* DetailPageFooterView.m in Sources */,
				E8913EE522B48DBD007C16CA /* UserRegisterController.m in Sources */,
				1B7485AA229536AB00E508A8 /* FirstPageViewModel.m in Sources */,
				1B3677E122A4BAAD00B0D458 /* DetailPageHeaderView.m in Sources */,
				1B0F356022C0CEAF00449F42 /* PublisherInfoTableViewCell.m in Sources */,
				1BB8DD81229FB3D300FFECFA /* NoImageTableViewCell.m in Sources */,
				E8893882227AAFCD003C8FB7 /* SettingViewController.m in Sources */,
			);
			runOnlyForDeploymentPostprocessing = 0;
		};
/* End PBXSourcesBuildPhase section */

/* Begin PBXVariantGroup section */
		1B09D186226AFF7B00BB7480 /* Main.storyboard */ = {
			isa = PBXVariantGroup;
			children = (
				1B09D187226AFF7B00BB7480 /* Base */,
			);
			name = Main.storyboard;
			sourceTree = "<group>";
		};
		1B09D18B226AFF7C00BB7480 /* LaunchScreen.storyboard */ = {
			isa = PBXVariantGroup;
			children = (
				1B09D18C226AFF7C00BB7480 /* Base */,
			);
			name = LaunchScreen.storyboard;
			sourceTree = "<group>";
		};
/* End PBXVariantGroup section */

/* Begin XCBuildConfiguration section */
		1B09D191226AFF7C00BB7480 /* Debug */ = {
			isa = XCBuildConfiguration;
			buildSettings = {
				ALWAYS_SEARCH_USER_PATHS = NO;
				CLANG_ANALYZER_NONNULL = YES;
				CLANG_ANALYZER_NUMBER_OBJECT_CONVERSION = YES_AGGRESSIVE;
				CLANG_CXX_LANGUAGE_STANDARD = "gnu++14";
				CLANG_CXX_LIBRARY = "libc++";
				CLANG_ENABLE_MODULES = YES;
				CLANG_ENABLE_OBJC_ARC = YES;
				CLANG_ENABLE_OBJC_WEAK = YES;
				CLANG_WARN_BLOCK_CAPTURE_AUTORELEASING = YES;
				CLANG_WARN_BOOL_CONVERSION = YES;
				CLANG_WARN_COMMA = YES;
				CLANG_WARN_CONSTANT_CONVERSION = YES;
				CLANG_WARN_DEPRECATED_OBJC_IMPLEMENTATIONS = YES;
				CLANG_WARN_DIRECT_OBJC_ISA_USAGE = YES_ERROR;
				CLANG_WARN_DOCUMENTATION_COMMENTS = YES;
				CLANG_WARN_EMPTY_BODY = YES;
				CLANG_WARN_ENUM_CONVERSION = YES;
				CLANG_WARN_INFINITE_RECURSION = YES;
				CLANG_WARN_INT_CONVERSION = YES;
				CLANG_WARN_NON_LITERAL_NULL_CONVERSION = YES;
				CLANG_WARN_OBJC_IMPLICIT_RETAIN_SELF = YES;
				CLANG_WARN_OBJC_LITERAL_CONVERSION = YES;
				CLANG_WARN_OBJC_ROOT_CLASS = YES_ERROR;
				CLANG_WARN_RANGE_LOOP_ANALYSIS = YES;
				CLANG_WARN_STRICT_PROTOTYPES = YES;
				CLANG_WARN_SUSPICIOUS_MOVE = YES;
				CLANG_WARN_UNGUARDED_AVAILABILITY = YES_AGGRESSIVE;
				CLANG_WARN_UNREACHABLE_CODE = YES;
				CLANG_WARN__DUPLICATE_METHOD_MATCH = YES;
				CODE_SIGN_IDENTITY = "iPhone Developer";
				COPY_PHASE_STRIP = NO;
				DEBUG_INFORMATION_FORMAT = dwarf;
				ENABLE_STRICT_OBJC_MSGSEND = YES;
				ENABLE_TESTABILITY = YES;
				GCC_C_LANGUAGE_STANDARD = gnu11;
				GCC_DYNAMIC_NO_PIC = NO;
				GCC_NO_COMMON_BLOCKS = YES;
				GCC_OPTIMIZATION_LEVEL = 0;
				GCC_PREPROCESSOR_DEFINITIONS = (
					"DEBUG=1",
					"$(inherited)",
				);
				GCC_WARN_64_TO_32_BIT_CONVERSION = YES;
				GCC_WARN_ABOUT_RETURN_TYPE = YES_ERROR;
				GCC_WARN_UNDECLARED_SELECTOR = YES;
				GCC_WARN_UNINITIALIZED_AUTOS = YES_AGGRESSIVE;
				GCC_WARN_UNUSED_FUNCTION = YES;
				GCC_WARN_UNUSED_VARIABLE = YES;
				IPHONEOS_DEPLOYMENT_TARGET = 12.2;
				MTL_ENABLE_DEBUG_INFO = INCLUDE_SOURCE;
				MTL_FAST_MATH = YES;
				ONLY_ACTIVE_ARCH = YES;
				SDKROOT = iphoneos;
			};
			name = Debug;
		};
		1B09D192226AFF7C00BB7480 /* Release */ = {
			isa = XCBuildConfiguration;
			buildSettings = {
				ALWAYS_SEARCH_USER_PATHS = NO;
				CLANG_ANALYZER_NONNULL = YES;
				CLANG_ANALYZER_NUMBER_OBJECT_CONVERSION = YES_AGGRESSIVE;
				CLANG_CXX_LANGUAGE_STANDARD = "gnu++14";
				CLANG_CXX_LIBRARY = "libc++";
				CLANG_ENABLE_MODULES = YES;
				CLANG_ENABLE_OBJC_ARC = YES;
				CLANG_ENABLE_OBJC_WEAK = YES;
				CLANG_WARN_BLOCK_CAPTURE_AUTORELEASING = YES;
				CLANG_WARN_BOOL_CONVERSION = YES;
				CLANG_WARN_COMMA = YES;
				CLANG_WARN_CONSTANT_CONVERSION = YES;
				CLANG_WARN_DEPRECATED_OBJC_IMPLEMENTATIONS = YES;
				CLANG_WARN_DIRECT_OBJC_ISA_USAGE = YES_ERROR;
				CLANG_WARN_DOCUMENTATION_COMMENTS = YES;
				CLANG_WARN_EMPTY_BODY = YES;
				CLANG_WARN_ENUM_CONVERSION = YES;
				CLANG_WARN_INFINITE_RECURSION = YES;
				CLANG_WARN_INT_CONVERSION = YES;
				CLANG_WARN_NON_LITERAL_NULL_CONVERSION = YES;
				CLANG_WARN_OBJC_IMPLICIT_RETAIN_SELF = YES;
				CLANG_WARN_OBJC_LITERAL_CONVERSION = YES;
				CLANG_WARN_OBJC_ROOT_CLASS = YES_ERROR;
				CLANG_WARN_RANGE_LOOP_ANALYSIS = YES;
				CLANG_WARN_STRICT_PROTOTYPES = YES;
				CLANG_WARN_SUSPICIOUS_MOVE = YES;
				CLANG_WARN_UNGUARDED_AVAILABILITY = YES_AGGRESSIVE;
				CLANG_WARN_UNREACHABLE_CODE = YES;
				CLANG_WARN__DUPLICATE_METHOD_MATCH = YES;
				CODE_SIGN_IDENTITY = "iPhone Developer";
				COPY_PHASE_STRIP = NO;
				DEBUG_INFORMATION_FORMAT = "dwarf-with-dsym";
				ENABLE_NS_ASSERTIONS = NO;
				ENABLE_STRICT_OBJC_MSGSEND = YES;
				GCC_C_LANGUAGE_STANDARD = gnu11;
				GCC_NO_COMMON_BLOCKS = YES;
				GCC_WARN_64_TO_32_BIT_CONVERSION = YES;
				GCC_WARN_ABOUT_RETURN_TYPE = YES_ERROR;
				GCC_WARN_UNDECLARED_SELECTOR = YES;
				GCC_WARN_UNINITIALIZED_AUTOS = YES_AGGRESSIVE;
				GCC_WARN_UNUSED_FUNCTION = YES;
				GCC_WARN_UNUSED_VARIABLE = YES;
				IPHONEOS_DEPLOYMENT_TARGET = 12.2;
				MTL_ENABLE_DEBUG_INFO = NO;
				MTL_FAST_MATH = YES;
				SDKROOT = iphoneos;
				VALIDATE_PRODUCT = YES;
			};
			name = Release;
		};
		1B09D194226AFF7C00BB7480 /* Debug */ = {
			isa = XCBuildConfiguration;
			baseConfigurationReference = 4124A5849560543821FC1812 /* Pods-MiniHeadline.debug.xcconfig */;
			buildSettings = {
				ASSETCATALOG_COMPILER_APPICON_NAME = AppIcon;
				CODE_SIGN_STYLE = Automatic;
				INFOPLIST_FILE = MiniHeadline/AppEntry/Info.plist;
				IPHONEOS_DEPLOYMENT_TARGET = 12.1;
				LD_RUNPATH_SEARCH_PATHS = (
					"$(inherited)",
					"@executable_path/Frameworks",
				);
				OTHER_LDFLAGS = (
					"$(inherited)",
					"-ObjC",
					"-l\"Masonry\"",
					"-framework",
					"\"Foundation\"",
					"-framework",
					"\"UIKit\"",
				);
				PRODUCT_BUNDLE_IDENTIFIER = Booooby.MiniHeadline;
				PRODUCT_NAME = "$(TARGET_NAME)";
				TARGETED_DEVICE_FAMILY = "1,2";
			};
			name = Debug;
		};
		1B09D195226AFF7C00BB7480 /* Release */ = {
			isa = XCBuildConfiguration;
			baseConfigurationReference = E1B070BB2A098023ACBA36D0 /* Pods-MiniHeadline.release.xcconfig */;
			buildSettings = {
				ASSETCATALOG_COMPILER_APPICON_NAME = AppIcon;
				CODE_SIGN_STYLE = Automatic;
				INFOPLIST_FILE = MiniHeadline/AppEntry/Info.plist;
				IPHONEOS_DEPLOYMENT_TARGET = 12.1;
				LD_RUNPATH_SEARCH_PATHS = (
					"$(inherited)",
					"@executable_path/Frameworks",
				);
				OTHER_LDFLAGS = (
					"$(inherited)",
					"-ObjC",
					"-l\"Masonry\"",
					"-framework",
					"\"Foundation\"",
					"-framework",
					"\"UIKit\"",
				);
				PRODUCT_BUNDLE_IDENTIFIER = Booooby.MiniHeadline;
				PRODUCT_NAME = "$(TARGET_NAME)";
				TARGETED_DEVICE_FAMILY = "1,2";
			};
			name = Release;
		};
/* End XCBuildConfiguration section */

/* Begin XCConfigurationList section */
		1B09D178226AFF7B00BB7480 /* Build configuration list for PBXProject "MiniHeadline" */ = {
			isa = XCConfigurationList;
			buildConfigurations = (
				1B09D191226AFF7C00BB7480 /* Debug */,
				1B09D192226AFF7C00BB7480 /* Release */,
			);
			defaultConfigurationIsVisible = 0;
			defaultConfigurationName = Release;
		};
		1B09D193226AFF7C00BB7480 /* Build configuration list for PBXNativeTarget "MiniHeadline" */ = {
			isa = XCConfigurationList;
			buildConfigurations = (
				1B09D194226AFF7C00BB7480 /* Debug */,
				1B09D195226AFF7C00BB7480 /* Release */,
			);
			defaultConfigurationIsVisible = 0;
			defaultConfigurationName = Release;
		};
/* End XCConfigurationList section */
	};
	rootObject = 1B09D175226AFF7B00BB7480 /* Project object */;
}
