// !$*UTF8*$!
{
	archiveVersion = 1;
	classes = {
	};
	objectVersion = 50;
	objects = {

/* Begin PBXBuildFile section */
		1B09A34D228E5B5E00A0AFF5 /* logo.png in Resources */ = {isa = PBXBuildFile; fileRef = 1B09A34C228E5B5D00A0AFF5 /* logo.png */; };
		1B09D182226AFF7B00BB7480 /* AppDelegate.m in Sources */ = {isa = PBXBuildFile; fileRef = 1B09D181226AFF7B00BB7480 /* AppDelegate.m */; };
		1B09D185226AFF7B00BB7480 /* ViewController.m in Sources */ = {isa = PBXBuildFile; fileRef = 1B09D184226AFF7B00BB7480 /* ViewController.m */; };
		1B09D188226AFF7B00BB7480 /* Main.storyboard in Resources */ = {isa = PBXBuildFile; fileRef = 1B09D186226AFF7B00BB7480 /* Main.storyboard */; };
		1B09D18A226AFF7C00BB7480 /* Assets.xcassets in Resources */ = {isa = PBXBuildFile; fileRef = 1B09D189226AFF7C00BB7480 /* Assets.xcassets */; };
		1B09D18D226AFF7C00BB7480 /* LaunchScreen.storyboard in Resources */ = {isa = PBXBuildFile; fileRef = 1B09D18B226AFF7C00BB7480 /* LaunchScreen.storyboard */; };
		1B09D190226AFF7C00BB7480 /* main.m in Sources */ = {isa = PBXBuildFile; fileRef = 1B09D18F226AFF7C00BB7480 /* main.m */; };
		1B09D19A226B002C00BB7480 /* FirstPageViewController.m in Sources */ = {isa = PBXBuildFile; fileRef = 1B09D198226B002C00BB7480 /* FirstPageViewController.m */; };
		1B09D19F226B004100BB7480 /* VideoPageViewController.m in Sources */ = {isa = PBXBuildFile; fileRef = 1B09D19D226B004100BB7480 /* VideoPageViewController.m */; };
		1B09D1A4226B005500BB7480 /* PersonalPageViewController.m in Sources */ = {isa = PBXBuildFile; fileRef = 1B09D1A2226B005500BB7480 /* PersonalPageViewController.m */; };
		1B09D1BC226B013700BB7480 /* personal_selected.png in Resources */ = {isa = PBXBuildFile; fileRef = 1B09D1B5226B013700BB7480 /* personal_selected.png */; };
		1B09D1BD226B013700BB7480 /* video_unselected.png in Resources */ = {isa = PBXBuildFile; fileRef = 1B09D1B6226B013700BB7480 /* video_unselected.png */; };
		1B09D1BE226B013700BB7480 /* mainpage_selected.png in Resources */ = {isa = PBXBuildFile; fileRef = 1B09D1B7226B013700BB7480 /* mainpage_selected.png */; };
		1B09D1BF226B013700BB7480 /* mainpage_unselected.png in Resources */ = {isa = PBXBuildFile; fileRef = 1B09D1B8226B013700BB7480 /* mainpage_unselected.png */; };
		1B09D1C1226B013700BB7480 /* video_selected.png in Resources */ = {isa = PBXBuildFile; fileRef = 1B09D1BA226B013700BB7480 /* video_selected.png */; };
		1B09D1C2226B013700BB7480 /* personal_unselected.png in Resources */ = {isa = PBXBuildFile; fileRef = 1B09D1BB226B013700BB7480 /* personal_unselected.png */; };
		1B17BCF7227197C300F30CEF /* UIColor+Hex.m in Sources */ = {isa = PBXBuildFile; fileRef = 1B17BCF6227197C300F30CEF /* UIColor+Hex.m */; };
		1B69A996226EF424008B5A16 /* SingleImageTableViewCell.m in Sources */ = {isa = PBXBuildFile; fileRef = 1B69A994226EF424008B5A16 /* SingleImageTableViewCell.m */; };
		1B69A99A226EF664008B5A16 /* NewsModel.m in Sources */ = {isa = PBXBuildFile; fileRef = 1B69A999226EF664008B5A16 /* NewsModel.m */; };
		1B69A9A1226F5900008B5A16 /* SingleImageTableViewCell.xib in Resources */ = {isa = PBXBuildFile; fileRef = 1B69A99F226F5900008B5A16 /* SingleImageTableViewCell.xib */; };
		1B7485AA229536AB00E508A8 /* FirstPageViewModel.m in Sources */ = {isa = PBXBuildFile; fileRef = 1B7485A9229536AB00E508A8 /* FirstPageViewModel.m */; };
		1B7F82AC227052DC000165F6 /* SearchViewController.m in Sources */ = {isa = PBXBuildFile; fileRef = 1B7F82AB227052DC000165F6 /* SearchViewController.m */; };
		1B7F82DA2270AAAB000165F6 /* comments.png in Resources */ = {isa = PBXBuildFile; fileRef = 1B7F82CD2270AAAA000165F6 /* comments.png */; };
		1B7F82DB2270AAAB000165F6 /* back.png in Resources */ = {isa = PBXBuildFile; fileRef = 1B7F82CE2270AAAA000165F6 /* back.png */; };
		1B7F82DC2270AAAB000165F6 /* camera.png in Resources */ = {isa = PBXBuildFile; fileRef = 1B7F82CF2270AAAB000165F6 /* camera.png */; };
		1B7F82DD2270AAAB000165F6 /* edit_label.png in Resources */ = {isa = PBXBuildFile; fileRef = 1B7F82D02270AAAB000165F6 /* edit_label.png */; };
		1B7F82DE2270AAAB000165F6 /* star_selected.png in Resources */ = {isa = PBXBuildFile; fileRef = 1B7F82D12270AAAB000165F6 /* star_selected.png */; };
		1B7F82DF2270AAAB000165F6 /* find.png in Resources */ = {isa = PBXBuildFile; fileRef = 1B7F82D22270AAAB000165F6 /* find.png */; };
		1B7F82E02270AAAB000165F6 /* like_selected.png in Resources */ = {isa = PBXBuildFile; fileRef = 1B7F82D32270AAAB000165F6 /* like_selected.png */; };
		1B7F82E12270AAAB000165F6 /* like_unselected.png in Resources */ = {isa = PBXBuildFile; fileRef = 1B7F82D42270AAAB000165F6 /* like_unselected.png */; };
		1B7F82E22270AAAB000165F6 /* write.png in Resources */ = {isa = PBXBuildFile; fileRef = 1B7F82D52270AAAB000165F6 /* write.png */; };
		1B7F82E42270AAAB000165F6 /* star_unselected.png in Resources */ = {isa = PBXBuildFile; fileRef = 1B7F82D72270AAAB000165F6 /* star_unselected.png */; };
		1B7F82E52270AAAB000165F6 /* share.png in Resources */ = {isa = PBXBuildFile; fileRef = 1B7F82D82270AAAB000165F6 /* share.png */; };
		1B7F82E62270AAAB000165F6 /* more.png in Resources */ = {isa = PBXBuildFile; fileRef = 1B7F82D92270AAAB000165F6 /* more.png */; };
		1BEBE323226CBA200003C151 /* NewsDetailViewController.m in Sources */ = {isa = PBXBuildFile; fileRef = 1BEBE322226CBA200003C151 /* NewsDetailViewController.m */; };
		D6AC51F72283F1B700318629 /* share_white.png in Resources */ = {isa = PBXBuildFile; fileRef = D6AC51F62283F1B600318629 /* share_white.png */; };
		D6BC8B042273F23A001AFD60 /* LoadingTableViewCell.m in Sources */ = {isa = PBXBuildFile; fileRef = D6BC8AFF2273F23A001AFD60 /* LoadingTableViewCell.m */; };
		D6BC8B102273F524001AFD60 /* icon_1.png in Resources */ = {isa = PBXBuildFile; fileRef = D6BC8B0A2273F524001AFD60 /* icon_1.png */; };
		D6BC8B142273F524001AFD60 /* icon_2.png in Resources */ = {isa = PBXBuildFile; fileRef = D6BC8B0E2273F524001AFD60 /* icon_2.png */; };
		D6BC8B1D227407BF001AFD60 /* VideoDetailViewController.m in Sources */ = {isa = PBXBuildFile; fileRef = D6BC8B1C227407BF001AFD60 /* VideoDetailViewController.m */; };
		D6BC8B212276B3B1001AFD60 /* VideoTableViewCell.m in Sources */ = {isa = PBXBuildFile; fileRef = D6BC8B1F2276B3B1001AFD60 /* VideoTableViewCell.m */; };
		D6BC8B242276DB47001AFD60 /* icon_0.png in Resources */ = {isa = PBXBuildFile; fileRef = D6BC8B232276DB47001AFD60 /* icon_0.png */; };
		D6BC8B2E2279609A001AFD60 /* play.png in Resources */ = {isa = PBXBuildFile; fileRef = D6BC8B2C2279609A001AFD60 /* play.png */; };
		D6BC8B2F2279609A001AFD60 /* pause.png in Resources */ = {isa = PBXBuildFile; fileRef = D6BC8B2D2279609A001AFD60 /* pause.png */; };
		D6BC8B3322798CDB001AFD60 /* View.xib in Resources */ = {isa = PBXBuildFile; fileRef = D6BC8B3222798CDB001AFD60 /* View.xib */; };
		D6BC8B3A22799380001AFD60 /* like-fill_23.png in Resources */ = {isa = PBXBuildFile; fileRef = D6BC8B362279937F001AFD60 /* like-fill_23.png */; };
		D6BC8B3B22799380001AFD60 /* unlike-fill_23.png in Resources */ = {isa = PBXBuildFile; fileRef = D6BC8B3722799380001AFD60 /* unlike-fill_23.png */; };
		D6BC8B3C22799380001AFD60 /* like_23.png in Resources */ = {isa = PBXBuildFile; fileRef = D6BC8B3822799380001AFD60 /* like_23.png */; };
		D6BC8B3D22799380001AFD60 /* unlike_23.png in Resources */ = {isa = PBXBuildFile; fileRef = D6BC8B3922799380001AFD60 /* unlike_23.png */; };
		D6BC8B4222799423001AFD60 /* like-fill_25.png in Resources */ = {isa = PBXBuildFile; fileRef = D6BC8B3E22799422001AFD60 /* like-fill_25.png */; };
		D6BC8B4322799423001AFD60 /* like_25.png in Resources */ = {isa = PBXBuildFile; fileRef = D6BC8B3F22799422001AFD60 /* like_25.png */; };
		D6BC8B4422799423001AFD60 /* unlike-fill_25.png in Resources */ = {isa = PBXBuildFile; fileRef = D6BC8B4022799422001AFD60 /* unlike-fill_25.png */; };
		D6BC8B4522799423001AFD60 /* unlike_25.png in Resources */ = {isa = PBXBuildFile; fileRef = D6BC8B4122799422001AFD60 /* unlike_25.png */; };
		D6BC8B472279949C001AFD60 /* link.png in Resources */ = {isa = PBXBuildFile; fileRef = D6BC8B462279949C001AFD60 /* link.png */; };
		D6BC8B4A2279C113001AFD60 /* pause _white.png in Resources */ = {isa = PBXBuildFile; fileRef = D6BC8B482279C113001AFD60 /* pause _white.png */; };
		D6BC8B4B2279C113001AFD60 /* play_white.png in Resources */ = {isa = PBXBuildFile; fileRef = D6BC8B492279C113001AFD60 /* play_white.png */; };
		D6BC8B4D2279C1C7001AFD60 /* full-screen.png in Resources */ = {isa = PBXBuildFile; fileRef = D6BC8B4C2279C1C7001AFD60 /* full-screen.png */; };
		D6BC8B5E2279EB3F001AFD60 /* MyVideo.m in Sources */ = {isa = PBXBuildFile; fileRef = D6BC8B5D2279EB3F001AFD60 /* MyVideo.m */; };
		D6BC8B602279EC49001AFD60 /* video.mp4 in Resources */ = {isa = PBXBuildFile; fileRef = D6BC8B5F2279EC48001AFD60 /* video.mp4 */; };
		D6BC8B64227A2EF1001AFD60 /* comment.png in Resources */ = {isa = PBXBuildFile; fileRef = D6BC8B62227A2EF1001AFD60 /* comment.png */; };
		D6BC8B66227A2F5D001AFD60 /* back_white.png in Resources */ = {isa = PBXBuildFile; fileRef = D6BC8B65227A2F5D001AFD60 /* back_white.png */; };
		D6BC8B68227A3127001AFD60 /* back_white_25.png in Resources */ = {isa = PBXBuildFile; fileRef = D6BC8B67227A3127001AFD60 /* back_white_25.png */; };
		D6BC8B6A227B5BAA001AFD60 /* star_25.png in Resources */ = {isa = PBXBuildFile; fileRef = D6BC8B69227B5BA9001AFD60 /* star_25.png */; };
		D6BC8B6C227B5E97001AFD60 /* Share_25.png in Resources */ = {isa = PBXBuildFile; fileRef = D6BC8B6B227B5E97001AFD60 /* Share_25.png */; };
		D6BC8B6F227C2877001AFD60 /* MyComment.m in Sources */ = {isa = PBXBuildFile; fileRef = D6BC8B6E227C2877001AFD60 /* MyComment.m */; };
		D6BC8B79227C7365001AFD60 /* CommentTableViewCell.m in Sources */ = {isa = PBXBuildFile; fileRef = D6BC8B77227C7365001AFD60 /* CommentTableViewCell.m */; };
		D6BC8B7A227C7365001AFD60 /* CommentTableViewCell.xib in Resources */ = {isa = PBXBuildFile; fileRef = D6BC8B78227C7365001AFD60 /* CommentTableViewCell.xib */; };
		D6BC8BB42282AE5F001AFD60 /* RecommendationVideoTableViewCell.m in Sources */ = {isa = PBXBuildFile; fileRef = D6BC8BB22282AE5F001AFD60 /* RecommendationVideoTableViewCell.m */; };
		D6BC8BB52282AE5F001AFD60 /* RecommendationVideoTableViewCell.xib in Resources */ = {isa = PBXBuildFile; fileRef = D6BC8BB32282AE5F001AFD60 /* RecommendationVideoTableViewCell.xib */; };
		D6BC8BB72283E66B001AFD60 /* View2.xib in Resources */ = {isa = PBXBuildFile; fileRef = D6BC8BB62283E66B001AFD60 /* View2.xib */; };
		E8893882227AAFCD003C8FB7 /* SettingViewController.m in Sources */ = {isa = PBXBuildFile; fileRef = E8893880227AAFCD003C8FB7 /* SettingViewController.m */; };
		E8893885227AAFD8003C8FB7 /* UIButton+ImageTitleStyle.m in Sources */ = {isa = PBXBuildFile; fileRef = E8893884227AAFD8003C8FB7 /* UIButton+ImageTitleStyle.m */; };
		E8893892227AB8F0003C8FB7 /* shoucang.png in Resources */ = {isa = PBXBuildFile; fileRef = E889388E227AB8EE003C8FB7 /* shoucang.png */; };
		E8893893227AB8F0003C8FB7 /* lishixiao.png in Resources */ = {isa = PBXBuildFile; fileRef = E889388F227AB8EE003C8FB7 /* lishixiao.png */; };
		E8893894227AB8F0003C8FB7 /* pinglun.png in Resources */ = {isa = PBXBuildFile; fileRef = E8893890227AB8EF003C8FB7 /* pinglun.png */; };
		E8893895227AB8F0003C8FB7 /* dianzan.png in Resources */ = {isa = PBXBuildFile; fileRef = E8893891227AB8EF003C8FB7 /* dianzan.png */; };
/* End PBXBuildFile section */

/* Begin PBXFileReference section */
		1B09A34C228E5B5D00A0AFF5 /* logo.png */ = {isa = PBXFileReference; lastKnownFileType = image.png; path = logo.png; sourceTree = "<group>"; };
		1B09D17D226AFF7B00BB7480 /* MiniHeadline.app */ = {isa = PBXFileReference; explicitFileType = wrapper.application; includeInIndex = 0; path = MiniHeadline.app; sourceTree = BUILT_PRODUCTS_DIR; };
		1B09D180226AFF7B00BB7480 /* AppDelegate.h */ = {isa = PBXFileReference; lastKnownFileType = sourcecode.c.h; path = AppDelegate.h; sourceTree = "<group>"; };
		1B09D181226AFF7B00BB7480 /* AppDelegate.m */ = {isa = PBXFileReference; lastKnownFileType = sourcecode.c.objc; path = AppDelegate.m; sourceTree = "<group>"; };
		1B09D183226AFF7B00BB7480 /* ViewController.h */ = {isa = PBXFileReference; lastKnownFileType = sourcecode.c.h; path = ViewController.h; sourceTree = "<group>"; };
		1B09D184226AFF7B00BB7480 /* ViewController.m */ = {isa = PBXFileReference; lastKnownFileType = sourcecode.c.objc; path = ViewController.m; sourceTree = "<group>"; };
		1B09D187226AFF7B00BB7480 /* Base */ = {isa = PBXFileReference; lastKnownFileType = file.storyboard; name = Base; path = Base.lproj/Main.storyboard; sourceTree = "<group>"; };
		1B09D189226AFF7C00BB7480 /* Assets.xcassets */ = {isa = PBXFileReference; lastKnownFileType = folder.assetcatalog; path = Assets.xcassets; sourceTree = "<group>"; };
		1B09D18C226AFF7C00BB7480 /* Base */ = {isa = PBXFileReference; lastKnownFileType = file.storyboard; name = Base; path = Base.lproj/LaunchScreen.storyboard; sourceTree = "<group>"; };
		1B09D18E226AFF7C00BB7480 /* Info.plist */ = {isa = PBXFileReference; lastKnownFileType = text.plist.xml; path = Info.plist; sourceTree = "<group>"; };
		1B09D18F226AFF7C00BB7480 /* main.m */ = {isa = PBXFileReference; lastKnownFileType = sourcecode.c.objc; path = main.m; sourceTree = "<group>"; };
		1B09D197226B002C00BB7480 /* FirstPageViewController.h */ = {isa = PBXFileReference; lastKnownFileType = sourcecode.c.h; path = FirstPageViewController.h; sourceTree = "<group>"; };
		1B09D198226B002C00BB7480 /* FirstPageViewController.m */ = {isa = PBXFileReference; lastKnownFileType = sourcecode.c.objc; path = FirstPageViewController.m; sourceTree = "<group>"; };
		1B09D19C226B004100BB7480 /* VideoPageViewController.h */ = {isa = PBXFileReference; lastKnownFileType = sourcecode.c.h; path = VideoPageViewController.h; sourceTree = "<group>"; };
		1B09D19D226B004100BB7480 /* VideoPageViewController.m */ = {isa = PBXFileReference; lastKnownFileType = sourcecode.c.objc; path = VideoPageViewController.m; sourceTree = "<group>"; };
		1B09D1A1226B005500BB7480 /* PersonalPageViewController.h */ = {isa = PBXFileReference; lastKnownFileType = sourcecode.c.h; path = PersonalPageViewController.h; sourceTree = "<group>"; };
		1B09D1A2226B005500BB7480 /* PersonalPageViewController.m */ = {isa = PBXFileReference; lastKnownFileType = sourcecode.c.objc; path = PersonalPageViewController.m; sourceTree = "<group>"; };
		1B09D1B5226B013700BB7480 /* personal_selected.png */ = {isa = PBXFileReference; lastKnownFileType = image.png; path = personal_selected.png; sourceTree = "<group>"; };
		1B09D1B6226B013700BB7480 /* video_unselected.png */ = {isa = PBXFileReference; lastKnownFileType = image.png; path = video_unselected.png; sourceTree = "<group>"; };
		1B09D1B7226B013700BB7480 /* mainpage_selected.png */ = {isa = PBXFileReference; lastKnownFileType = image.png; path = mainpage_selected.png; sourceTree = "<group>"; };
		1B09D1B8226B013700BB7480 /* mainpage_unselected.png */ = {isa = PBXFileReference; lastKnownFileType = image.png; path = mainpage_unselected.png; sourceTree = "<group>"; };
		1B09D1BA226B013700BB7480 /* video_selected.png */ = {isa = PBXFileReference; lastKnownFileType = image.png; path = video_selected.png; sourceTree = "<group>"; };
		1B09D1BB226B013700BB7480 /* personal_unselected.png */ = {isa = PBXFileReference; lastKnownFileType = image.png; path = personal_unselected.png; sourceTree = "<group>"; };
		1B17BCF5227197C300F30CEF /* UIColor+Hex.h */ = {isa = PBXFileReference; lastKnownFileType = sourcecode.c.h; path = "UIColor+Hex.h"; sourceTree = "<group>"; };
		1B17BCF6227197C300F30CEF /* UIColor+Hex.m */ = {isa = PBXFileReference; lastKnownFileType = sourcecode.c.objc; path = "UIColor+Hex.m"; sourceTree = "<group>"; };
		1B69A994226EF424008B5A16 /* SingleImageTableViewCell.m */ = {isa = PBXFileReference; lastKnownFileType = sourcecode.c.objc; path = SingleImageTableViewCell.m; sourceTree = "<group>"; };
		1B69A998226EF664008B5A16 /* NewsModel.h */ = {isa = PBXFileReference; lastKnownFileType = sourcecode.c.h; path = NewsModel.h; sourceTree = "<group>"; };
		1B69A999226EF664008B5A16 /* NewsModel.m */ = {isa = PBXFileReference; lastKnownFileType = sourcecode.c.objc; path = NewsModel.m; sourceTree = "<group>"; };
		1B69A99B226EF8B2008B5A16 /* toutiao.png */ = {isa = PBXFileReference; lastKnownFileType = image.png; name = toutiao.png; path = ../../../../../../../Downloads/toutiao.png; sourceTree = "<group>"; };
		1B69A99D226F5900008B5A16 /* SingleImageTableViewCell.h */ = {isa = PBXFileReference; lastKnownFileType = sourcecode.c.h; path = SingleImageTableViewCell.h; sourceTree = "<group>"; };
		1B69A99F226F5900008B5A16 /* SingleImageTableViewCell.xib */ = {isa = PBXFileReference; lastKnownFileType = file.xib; name = SingleImageTableViewCell.xib; path = MiniHeadline/Main/FirstPage/ViewModel/SingleImageTableViewCell.xib; sourceTree = SOURCE_ROOT; };
		1B7485A8229536AB00E508A8 /* FirstPageViewModel.h */ = {isa = PBXFileReference; lastKnownFileType = sourcecode.c.h; path = FirstPageViewModel.h; sourceTree = "<group>"; };
		1B7485A9229536AB00E508A8 /* FirstPageViewModel.m */ = {isa = PBXFileReference; lastKnownFileType = sourcecode.c.objc; path = FirstPageViewModel.m; sourceTree = "<group>"; };
		1B7F82AA227052DC000165F6 /* SearchViewController.h */ = {isa = PBXFileReference; lastKnownFileType = sourcecode.c.h; path = SearchViewController.h; sourceTree = "<group>"; };
		1B7F82AB227052DC000165F6 /* SearchViewController.m */ = {isa = PBXFileReference; lastKnownFileType = sourcecode.c.objc; path = SearchViewController.m; sourceTree = "<group>"; };
		1B7F82CD2270AAAA000165F6 /* comments.png */ = {isa = PBXFileReference; lastKnownFileType = image.png; path = comments.png; sourceTree = "<group>"; };
		1B7F82CE2270AAAA000165F6 /* back.png */ = {isa = PBXFileReference; lastKnownFileType = image.png; path = back.png; sourceTree = "<group>"; };
		1B7F82CF2270AAAB000165F6 /* camera.png */ = {isa = PBXFileReference; lastKnownFileType = image.png; path = camera.png; sourceTree = "<group>"; };
		1B7F82D02270AAAB000165F6 /* edit_label.png */ = {isa = PBXFileReference; lastKnownFileType = image.png; path = edit_label.png; sourceTree = "<group>"; };
		1B7F82D12270AAAB000165F6 /* star_selected.png */ = {isa = PBXFileReference; lastKnownFileType = image.png; path = star_selected.png; sourceTree = "<group>"; };
		1B7F82D22270AAAB000165F6 /* find.png */ = {isa = PBXFileReference; lastKnownFileType = image.png; path = find.png; sourceTree = "<group>"; };
		1B7F82D32270AAAB000165F6 /* like_selected.png */ = {isa = PBXFileReference; lastKnownFileType = image.png; path = like_selected.png; sourceTree = "<group>"; };
		1B7F82D42270AAAB000165F6 /* like_unselected.png */ = {isa = PBXFileReference; lastKnownFileType = image.png; path = like_unselected.png; sourceTree = "<group>"; };
		1B7F82D52270AAAB000165F6 /* write.png */ = {isa = PBXFileReference; lastKnownFileType = image.png; path = write.png; sourceTree = "<group>"; };
		1B7F82D72270AAAB000165F6 /* star_unselected.png */ = {isa = PBXFileReference; lastKnownFileType = image.png; path = star_unselected.png; sourceTree = "<group>"; };
		1B7F82D82270AAAB000165F6 /* share.png */ = {isa = PBXFileReference; lastKnownFileType = image.png; path = share.png; sourceTree = "<group>"; };
		1B7F82D92270AAAB000165F6 /* more.png */ = {isa = PBXFileReference; lastKnownFileType = image.png; path = more.png; sourceTree = "<group>"; };
		1BEBE321226CBA200003C151 /* NewsDetailViewController.h */ = {isa = PBXFileReference; lastKnownFileType = sourcecode.c.h; path = NewsDetailViewController.h; sourceTree = "<group>"; };
		1BEBE322226CBA200003C151 /* NewsDetailViewController.m */ = {isa = PBXFileReference; lastKnownFileType = sourcecode.c.objc; path = NewsDetailViewController.m; sourceTree = "<group>"; };
		D6AC51F62283F1B600318629 /* share_white.png */ = {isa = PBXFileReference; lastKnownFileType = image.png; path = share_white.png; sourceTree = "<group>"; };
		D6BC8AFF2273F23A001AFD60 /* LoadingTableViewCell.m */ = {isa = PBXFileReference; fileEncoding = 4; lastKnownFileType = sourcecode.c.objc; path = LoadingTableViewCell.m; sourceTree = "<group>"; };
		D6BC8B012273F23A001AFD60 /* LoadingTableViewCell.h */ = {isa = PBXFileReference; fileEncoding = 4; lastKnownFileType = sourcecode.c.h; path = LoadingTableViewCell.h; sourceTree = "<group>"; };
		D6BC8B0A2273F524001AFD60 /* icon_1.png */ = {isa = PBXFileReference; lastKnownFileType = image.png; path = icon_1.png; sourceTree = "<group>"; };
		D6BC8B0E2273F524001AFD60 /* icon_2.png */ = {isa = PBXFileReference; lastKnownFileType = image.png; path = icon_2.png; sourceTree = "<group>"; };
		D6BC8B1B227407BF001AFD60 /* VideoDetailViewController.h */ = {isa = PBXFileReference; lastKnownFileType = sourcecode.c.h; path = VideoDetailViewController.h; sourceTree = "<group>"; };
		D6BC8B1C227407BF001AFD60 /* VideoDetailViewController.m */ = {isa = PBXFileReference; lastKnownFileType = sourcecode.c.objc; path = VideoDetailViewController.m; sourceTree = "<group>"; };
		D6BC8B1E2276B3B1001AFD60 /* VideoTableViewCell.h */ = {isa = PBXFileReference; lastKnownFileType = sourcecode.c.h; path = VideoTableViewCell.h; sourceTree = "<group>"; };
		D6BC8B1F2276B3B1001AFD60 /* VideoTableViewCell.m */ = {isa = PBXFileReference; lastKnownFileType = sourcecode.c.objc; path = VideoTableViewCell.m; sourceTree = "<group>"; };
		D6BC8B232276DB47001AFD60 /* icon_0.png */ = {isa = PBXFileReference; lastKnownFileType = image.png; path = icon_0.png; sourceTree = "<group>"; };
		D6BC8B2C2279609A001AFD60 /* play.png */ = {isa = PBXFileReference; lastKnownFileType = image.png; path = play.png; sourceTree = "<group>"; };
		D6BC8B2D2279609A001AFD60 /* pause.png */ = {isa = PBXFileReference; lastKnownFileType = image.png; path = pause.png; sourceTree = "<group>"; };
		D6BC8B3222798CDB001AFD60 /* View.xib */ = {isa = PBXFileReference; lastKnownFileType = file.xib; path = View.xib; sourceTree = "<group>"; };
		D6BC8B362279937F001AFD60 /* like-fill_23.png */ = {isa = PBXFileReference; lastKnownFileType = image.png; path = "like-fill_23.png"; sourceTree = "<group>"; };
		D6BC8B3722799380001AFD60 /* unlike-fill_23.png */ = {isa = PBXFileReference; lastKnownFileType = image.png; path = "unlike-fill_23.png"; sourceTree = "<group>"; };
		D6BC8B3822799380001AFD60 /* like_23.png */ = {isa = PBXFileReference; lastKnownFileType = image.png; path = like_23.png; sourceTree = "<group>"; };
		D6BC8B3922799380001AFD60 /* unlike_23.png */ = {isa = PBXFileReference; lastKnownFileType = image.png; path = unlike_23.png; sourceTree = "<group>"; };
		D6BC8B3E22799422001AFD60 /* like-fill_25.png */ = {isa = PBXFileReference; lastKnownFileType = image.png; path = "like-fill_25.png"; sourceTree = "<group>"; };
		D6BC8B3F22799422001AFD60 /* like_25.png */ = {isa = PBXFileReference; lastKnownFileType = image.png; path = like_25.png; sourceTree = "<group>"; };
		D6BC8B4022799422001AFD60 /* unlike-fill_25.png */ = {isa = PBXFileReference; lastKnownFileType = image.png; path = "unlike-fill_25.png"; sourceTree = "<group>"; };
		D6BC8B4122799422001AFD60 /* unlike_25.png */ = {isa = PBXFileReference; lastKnownFileType = image.png; path = unlike_25.png; sourceTree = "<group>"; };
		D6BC8B462279949C001AFD60 /* link.png */ = {isa = PBXFileReference; lastKnownFileType = image.png; path = link.png; sourceTree = "<group>"; };
		D6BC8B482279C113001AFD60 /* pause _white.png */ = {isa = PBXFileReference; lastKnownFileType = image.png; path = "pause _white.png"; sourceTree = "<group>"; };
		D6BC8B492279C113001AFD60 /* play_white.png */ = {isa = PBXFileReference; lastKnownFileType = image.png; path = play_white.png; sourceTree = "<group>"; };
		D6BC8B4C2279C1C7001AFD60 /* full-screen.png */ = {isa = PBXFileReference; lastKnownFileType = image.png; path = "full-screen.png"; sourceTree = "<group>"; };
		D6BC8B5C2279EB3F001AFD60 /* MyVideo.h */ = {isa = PBXFileReference; fileEncoding = 4; lastKnownFileType = sourcecode.c.h; path = MyVideo.h; sourceTree = "<group>"; };
		D6BC8B5D2279EB3F001AFD60 /* MyVideo.m */ = {isa = PBXFileReference; fileEncoding = 4; lastKnownFileType = sourcecode.c.objc; path = MyVideo.m; sourceTree = "<group>"; };
		D6BC8B5F2279EC48001AFD60 /* video.mp4 */ = {isa = PBXFileReference; lastKnownFileType = file; name = video.mp4; path = MiniHeadline/Resource/image/video.mp4; sourceTree = SOURCE_ROOT; };
		D6BC8B62227A2EF1001AFD60 /* comment.png */ = {isa = PBXFileReference; lastKnownFileType = image.png; path = comment.png; sourceTree = "<group>"; };
		D6BC8B65227A2F5D001AFD60 /* back_white.png */ = {isa = PBXFileReference; lastKnownFileType = image.png; path = back_white.png; sourceTree = "<group>"; };
		D6BC8B67227A3127001AFD60 /* back_white_25.png */ = {isa = PBXFileReference; lastKnownFileType = image.png; path = back_white_25.png; sourceTree = "<group>"; };
		D6BC8B69227B5BA9001AFD60 /* star_25.png */ = {isa = PBXFileReference; lastKnownFileType = image.png; path = star_25.png; sourceTree = "<group>"; };
		D6BC8B6B227B5E97001AFD60 /* Share_25.png */ = {isa = PBXFileReference; lastKnownFileType = image.png; path = Share_25.png; sourceTree = "<group>"; };
		D6BC8B6D227C2877001AFD60 /* MyComment.h */ = {isa = PBXFileReference; lastKnownFileType = sourcecode.c.h; path = MyComment.h; sourceTree = "<group>"; };
		D6BC8B6E227C2877001AFD60 /* MyComment.m */ = {isa = PBXFileReference; lastKnownFileType = sourcecode.c.objc; path = MyComment.m; sourceTree = "<group>"; };
		D6BC8B76227C7365001AFD60 /* CommentTableViewCell.h */ = {isa = PBXFileReference; lastKnownFileType = sourcecode.c.h; path = CommentTableViewCell.h; sourceTree = "<group>"; };
		D6BC8B77227C7365001AFD60 /* CommentTableViewCell.m */ = {isa = PBXFileReference; lastKnownFileType = sourcecode.c.objc; path = CommentTableViewCell.m; sourceTree = "<group>"; };
		D6BC8B78227C7365001AFD60 /* CommentTableViewCell.xib */ = {isa = PBXFileReference; lastKnownFileType = file.xib; path = CommentTableViewCell.xib; sourceTree = "<group>"; };
		D6BC8B7F227CAB4C001AFD60 /* View+MASShorthandAdditions.h */ = {isa = PBXFileReference; lastKnownFileType = sourcecode.c.h; name = "View+MASShorthandAdditions.h"; path = "MiniHeadline/Expand/Tool/Masonry/View+MASShorthandAdditions.h"; sourceTree = "<group>"; };
		D6BC8B80227CAB4D001AFD60 /* NSArray+MASAdditions.m */ = {isa = PBXFileReference; lastKnownFileType = sourcecode.c.objc; name = "NSArray+MASAdditions.m"; path = "MiniHeadline/Expand/Tool/Masonry/NSArray+MASAdditions.m"; sourceTree = "<group>"; };
		D6BC8B81227CAB4D001AFD60 /* MASLayoutConstraint.h */ = {isa = PBXFileReference; lastKnownFileType = sourcecode.c.h; name = MASLayoutConstraint.h; path = MiniHeadline/Expand/Tool/Masonry/MASLayoutConstraint.h; sourceTree = "<group>"; };
		D6BC8B82227CAB4D001AFD60 /* MASCompositeConstraint.m */ = {isa = PBXFileReference; lastKnownFileType = sourcecode.c.objc; name = MASCompositeConstraint.m; path = MiniHeadline/Expand/Tool/Masonry/MASCompositeConstraint.m; sourceTree = "<group>"; };
		D6BC8B83227CAB4D001AFD60 /* NSLayoutConstraint+MASDebugAdditions.m */ = {isa = PBXFileReference; lastKnownFileType = sourcecode.c.objc; name = "NSLayoutConstraint+MASDebugAdditions.m"; path = "MiniHeadline/Expand/Tool/Masonry/NSLayoutConstraint+MASDebugAdditions.m"; sourceTree = "<group>"; };
		D6BC8B84227CAB4D001AFD60 /* MASViewAttribute.m */ = {isa = PBXFileReference; lastKnownFileType = sourcecode.c.objc; name = MASViewAttribute.m; path = MiniHeadline/Expand/Tool/Masonry/MASViewAttribute.m; sourceTree = "<group>"; };
		D6BC8B85227CAB4D001AFD60 /* ViewController+MASAdditions.h */ = {isa = PBXFileReference; lastKnownFileType = sourcecode.c.h; name = "ViewController+MASAdditions.h"; path = "MiniHeadline/Expand/Tool/Masonry/ViewController+MASAdditions.h"; sourceTree = "<group>"; };
		D6BC8B86227CAB4D001AFD60 /* MASConstraint+Private.h */ = {isa = PBXFileReference; lastKnownFileType = sourcecode.c.h; name = "MASConstraint+Private.h"; path = "MiniHeadline/Expand/Tool/Masonry/MASConstraint+Private.h"; sourceTree = "<group>"; };
		D6BC8B87227CAB4D001AFD60 /* View+MASAdditions.m */ = {isa = PBXFileReference; lastKnownFileType = sourcecode.c.objc; name = "View+MASAdditions.m"; path = "MiniHeadline/Expand/Tool/Masonry/View+MASAdditions.m"; sourceTree = "<group>"; };
		D6BC8B88227CAB4D001AFD60 /* Masonry.h */ = {isa = PBXFileReference; lastKnownFileType = sourcecode.c.h; name = Masonry.h; path = MiniHeadline/Expand/Tool/Masonry/Masonry.h; sourceTree = "<group>"; };
		D6BC8B89227CAB4D001AFD60 /* NSArray+MASShorthandAdditions.h */ = {isa = PBXFileReference; lastKnownFileType = sourcecode.c.h; name = "NSArray+MASShorthandAdditions.h"; path = "MiniHeadline/Expand/Tool/Masonry/NSArray+MASShorthandAdditions.h"; sourceTree = "<group>"; };
		D6BC8B8A227CAB4D001AFD60 /* MASUtilities.h */ = {isa = PBXFileReference; lastKnownFileType = sourcecode.c.h; name = MASUtilities.h; path = MiniHeadline/Expand/Tool/Masonry/MASUtilities.h; sourceTree = "<group>"; };
		D6BC8B8B227CAB4D001AFD60 /* ViewController+MASAdditions.m */ = {isa = PBXFileReference; lastKnownFileType = sourcecode.c.objc; name = "ViewController+MASAdditions.m"; path = "MiniHeadline/Expand/Tool/Masonry/ViewController+MASAdditions.m"; sourceTree = "<group>"; };
		D6BC8B8C227CAB4D001AFD60 /* NSArray+MASAdditions.h */ = {isa = PBXFileReference; lastKnownFileType = sourcecode.c.h; name = "NSArray+MASAdditions.h"; path = "MiniHeadline/Expand/Tool/Masonry/NSArray+MASAdditions.h"; sourceTree = "<group>"; };
		D6BC8B8D227CAB4D001AFD60 /* MASConstraintMaker.h */ = {isa = PBXFileReference; lastKnownFileType = sourcecode.c.h; name = MASConstraintMaker.h; path = MiniHeadline/Expand/Tool/Masonry/MASConstraintMaker.h; sourceTree = "<group>"; };
		D6BC8B8E227CAB4D001AFD60 /* MASConstraint.h */ = {isa = PBXFileReference; lastKnownFileType = sourcecode.c.h; name = MASConstraint.h; path = MiniHeadline/Expand/Tool/Masonry/MASConstraint.h; sourceTree = "<group>"; };
		D6BC8B8F227CAB4D001AFD60 /* MASCompositeConstraint.h */ = {isa = PBXFileReference; lastKnownFileType = sourcecode.c.h; name = MASCompositeConstraint.h; path = MiniHeadline/Expand/Tool/Masonry/MASCompositeConstraint.h; sourceTree = "<group>"; };
		D6BC8B90227CAB4E001AFD60 /* View+MASAdditions.h */ = {isa = PBXFileReference; lastKnownFileType = sourcecode.c.h; name = "View+MASAdditions.h"; path = "MiniHeadline/Expand/Tool/Masonry/View+MASAdditions.h"; sourceTree = "<group>"; };
		D6BC8B91227CAB4E001AFD60 /* MASViewConstraint.h */ = {isa = PBXFileReference; lastKnownFileType = sourcecode.c.h; name = MASViewConstraint.h; path = MiniHeadline/Expand/Tool/Masonry/MASViewConstraint.h; sourceTree = "<group>"; };
		D6BC8B92227CAB4E001AFD60 /* MASConstraint.m */ = {isa = PBXFileReference; lastKnownFileType = sourcecode.c.objc; name = MASConstraint.m; path = MiniHeadline/Expand/Tool/Masonry/MASConstraint.m; sourceTree = "<group>"; };
		D6BC8B93227CAB4E001AFD60 /* NSLayoutConstraint+MASDebugAdditions.h */ = {isa = PBXFileReference; lastKnownFileType = sourcecode.c.h; name = "NSLayoutConstraint+MASDebugAdditions.h"; path = "MiniHeadline/Expand/Tool/Masonry/NSLayoutConstraint+MASDebugAdditions.h"; sourceTree = "<group>"; };
		D6BC8B94227CAB4E001AFD60 /* MASViewAttribute.h */ = {isa = PBXFileReference; lastKnownFileType = sourcecode.c.h; name = MASViewAttribute.h; path = MiniHeadline/Expand/Tool/Masonry/MASViewAttribute.h; sourceTree = "<group>"; };
		D6BC8B95227CAB4E001AFD60 /* MASConstraintMaker.m */ = {isa = PBXFileReference; lastKnownFileType = sourcecode.c.objc; name = MASConstraintMaker.m; path = MiniHeadline/Expand/Tool/Masonry/MASConstraintMaker.m; sourceTree = "<group>"; };
		D6BC8B96227CAB4E001AFD60 /* MASLayoutConstraint.m */ = {isa = PBXFileReference; lastKnownFileType = sourcecode.c.objc; name = MASLayoutConstraint.m; path = MiniHeadline/Expand/Tool/Masonry/MASLayoutConstraint.m; sourceTree = "<group>"; };
		D6BC8B97227CAB4E001AFD60 /* MASViewConstraint.m */ = {isa = PBXFileReference; lastKnownFileType = sourcecode.c.objc; name = MASViewConstraint.m; path = MiniHeadline/Expand/Tool/Masonry/MASViewConstraint.m; sourceTree = "<group>"; };
		D6BC8BB12282AE5F001AFD60 /* RecommendationVideoTableViewCell.h */ = {isa = PBXFileReference; lastKnownFileType = sourcecode.c.h; path = RecommendationVideoTableViewCell.h; sourceTree = "<group>"; };
		D6BC8BB22282AE5F001AFD60 /* RecommendationVideoTableViewCell.m */ = {isa = PBXFileReference; lastKnownFileType = sourcecode.c.objc; path = RecommendationVideoTableViewCell.m; sourceTree = "<group>"; };
		D6BC8BB32282AE5F001AFD60 /* RecommendationVideoTableViewCell.xib */ = {isa = PBXFileReference; lastKnownFileType = file.xib; path = RecommendationVideoTableViewCell.xib; sourceTree = "<group>"; };
		D6BC8BB62283E66B001AFD60 /* View2.xib */ = {isa = PBXFileReference; lastKnownFileType = file.xib; path = View2.xib; sourceTree = "<group>"; };
		E8893880227AAFCD003C8FB7 /* SettingViewController.m */ = {isa = PBXFileReference; fileEncoding = 4; lastKnownFileType = sourcecode.c.objc; path = SettingViewController.m; sourceTree = "<group>"; };
		E8893881227AAFCD003C8FB7 /* SettingViewController.h */ = {isa = PBXFileReference; fileEncoding = 4; lastKnownFileType = sourcecode.c.h; path = SettingViewController.h; sourceTree = "<group>"; };
		E8893883227AAFD7003C8FB7 /* UIButton+ImageTitleStyle.h */ = {isa = PBXFileReference; fileEncoding = 4; lastKnownFileType = sourcecode.c.h; path = "UIButton+ImageTitleStyle.h"; sourceTree = "<group>"; };
		E8893884227AAFD8003C8FB7 /* UIButton+ImageTitleStyle.m */ = {isa = PBXFileReference; fileEncoding = 4; lastKnownFileType = sourcecode.c.objc; path = "UIButton+ImageTitleStyle.m"; sourceTree = "<group>"; };
		E889388E227AB8EE003C8FB7 /* shoucang.png */ = {isa = PBXFileReference; lastKnownFileType = image.png; path = shoucang.png; sourceTree = "<group>"; };
		E889388F227AB8EE003C8FB7 /* lishixiao.png */ = {isa = PBXFileReference; lastKnownFileType = image.png; path = lishixiao.png; sourceTree = "<group>"; };
		E8893890227AB8EF003C8FB7 /* pinglun.png */ = {isa = PBXFileReference; lastKnownFileType = image.png; path = pinglun.png; sourceTree = "<group>"; };
		E8893891227AB8EF003C8FB7 /* dianzan.png */ = {isa = PBXFileReference; lastKnownFileType = image.png; path = dianzan.png; sourceTree = "<group>"; };
/* End PBXFileReference section */

/* Begin PBXFrameworksBuildPhase section */
		1B09D17A226AFF7B00BB7480 /* Frameworks */ = {
			isa = PBXFrameworksBuildPhase;
			buildActionMask = 2147483647;
			files = (
			);
			runOnlyForDeploymentPostprocessing = 0;
		};
/* End PBXFrameworksBuildPhase section */

/* Begin PBXGroup section */
		1B09D174226AFF7B00BB7480 = {
			isa = PBXGroup;
			children = (
				1B09D17F226AFF7B00BB7480 /* MiniHeadline */,
				1B09D17E226AFF7B00BB7480 /* Products */,
				D6BC8B7D227CA915001AFD60 /* Frameworks */,
			);
			sourceTree = "<group>";
		};
		1B09D17E226AFF7B00BB7480 /* Products */ = {
			isa = PBXGroup;
			children = (
				1B09D17D226AFF7B00BB7480 /* MiniHeadline.app */,
			);
			name = Products;
			sourceTree = "<group>";
		};
		1B09D17F226AFF7B00BB7480 /* MiniHeadline */ = {
			isa = PBXGroup;
			children = (
				1B09D196226B000100BB7480 /* Main */,
				1BCE643C226DB5700078E11B /* Common */,
				1BCE6434226DB49F0078E11B /* Expand */,
				1BCE6433226DB4630078E11B /* Vender */,
				1B09D1A6226B006500BB7480 /* Resource */,
				1BCE641D226DB0F40078E11B /* AppEntry */,
			);
			path = MiniHeadline;
			sourceTree = "<group>";
		};
		1B09D196226B000100BB7480 /* Main */ = {
			isa = PBXGroup;
			children = (
				1BCE6423226DB35A0078E11B /* FirstPage */,
				1BCE6429226DB3DB0078E11B /* VideoPage */,
				1BCE642E226DB4230078E11B /* PersonalPage */,
			);
			path = Main;
			sourceTree = "<group>";
		};
		1B09D1A6226B006500BB7480 /* Resource */ = {
			isa = PBXGroup;
			children = (
				D6BC8B252279453A001AFD60 /* video */,
				1BCE641F226DB24D0078E11B /* icon */,
				1BCE641E226DB2380078E11B /* image */,
			);
			path = Resource;
			sourceTree = "<group>";
		};
		1BCE641D226DB0F40078E11B /* AppEntry */ = {
			isa = PBXGroup;
			children = (
				1B09D180226AFF7B00BB7480 /* AppDelegate.h */,
				1B09D181226AFF7B00BB7480 /* AppDelegate.m */,
				1B09D183226AFF7B00BB7480 /* ViewController.h */,
				1B09D184226AFF7B00BB7480 /* ViewController.m */,
				1B09D18E226AFF7C00BB7480 /* Info.plist */,
				1B09D18F226AFF7C00BB7480 /* main.m */,
				1B09D186226AFF7B00BB7480 /* Main.storyboard */,
				1B09D18B226AFF7C00BB7480 /* LaunchScreen.storyboard */,
			);
			path = AppEntry;
			sourceTree = "<group>";
		};
		1BCE641E226DB2380078E11B /* image */ = {
			isa = PBXGroup;
			children = (
				D6BC8B232276DB47001AFD60 /* icon_0.png */,
				D6BC8B0A2273F524001AFD60 /* icon_1.png */,
				D6BC8B0E2273F524001AFD60 /* icon_2.png */,
				1B69A99B226EF8B2008B5A16 /* toutiao.png */,
				1B09D189226AFF7C00BB7480 /* Assets.xcassets */,
			);
			path = image;
			sourceTree = "<group>";
		};
		1BCE641F226DB24D0078E11B /* icon */ = {
			isa = PBXGroup;
			children = (
				1B09A34C228E5B5D00A0AFF5 /* logo.png */,
				D6AC51F62283F1B600318629 /* share_white.png */,
				D6BC8B6B227B5E97001AFD60 /* Share_25.png */,
				D6BC8B69227B5BA9001AFD60 /* star_25.png */,
				D6BC8B67227A3127001AFD60 /* back_white_25.png */,
				D6BC8B65227A2F5D001AFD60 /* back_white.png */,
				D6BC8B62227A2EF1001AFD60 /* comment.png */,
				D6BC8B4C2279C1C7001AFD60 /* full-screen.png */,
				D6BC8B482279C113001AFD60 /* pause _white.png */,
				D6BC8B492279C113001AFD60 /* play_white.png */,
				D6BC8B462279949C001AFD60 /* link.png */,
				D6BC8B3F22799422001AFD60 /* like_25.png */,
				E8893891227AB8EF003C8FB7 /* dianzan.png */,
				E889388F227AB8EE003C8FB7 /* lishixiao.png */,
				E8893890227AB8EF003C8FB7 /* pinglun.png */,
				E889388E227AB8EE003C8FB7 /* shoucang.png */,
				D6BC8B3E22799422001AFD60 /* like-fill_25.png */,
				D6BC8B4122799422001AFD60 /* unlike_25.png */,
				D6BC8B4022799422001AFD60 /* unlike-fill_25.png */,
				D6BC8B3822799380001AFD60 /* like_23.png */,
				D6BC8B362279937F001AFD60 /* like-fill_23.png */,
				D6BC8B3922799380001AFD60 /* unlike_23.png */,
				D6BC8B3722799380001AFD60 /* unlike-fill_23.png */,
				D6BC8B2D2279609A001AFD60 /* pause.png */,
				D6BC8B2C2279609A001AFD60 /* play.png */,
				1B7F82CE2270AAAA000165F6 /* back.png */,
				1B7F82CF2270AAAB000165F6 /* camera.png */,
				1B7F82CD2270AAAA000165F6 /* comments.png */,
				1B7F82D02270AAAB000165F6 /* edit_label.png */,
				1B7F82D32270AAAB000165F6 /* like_selected.png */,
				1B7F82D42270AAAB000165F6 /* like_unselected.png */,
				1B7F82D92270AAAB000165F6 /* more.png */,
				1B7F82D22270AAAB000165F6 /* find.png */,
				1B7F82D82270AAAB000165F6 /* share.png */,
				1B7F82D12270AAAB000165F6 /* star_selected.png */,
				1B7F82D72270AAAB000165F6 /* star_unselected.png */,
				1B7F82D52270AAAB000165F6 /* write.png */,
				1B09D1B7226B013700BB7480 /* mainpage_selected.png */,
				1B09D1B8226B013700BB7480 /* mainpage_unselected.png */,
				1B09D1B5226B013700BB7480 /* personal_selected.png */,
				1B09D1BB226B013700BB7480 /* personal_unselected.png */,
				1B09D1BA226B013700BB7480 /* video_selected.png */,
				1B09D1B6226B013700BB7480 /* video_unselected.png */,
			);
			path = icon;
			sourceTree = "<group>";
		};
		1BCE6423226DB35A0078E11B /* FirstPage */ = {
			isa = PBXGroup;
			children = (
				1BCE6428226DB3A60078E11B /* Controller */,
				1BCE6427226DB3920078E11B /* ViewModel */,
				1BCE6426226DB38D0078E11B /* View */,
				1BCE6425226DB37E0078E11B /* Model */,
			);
			path = FirstPage;
			sourceTree = "<group>";
		};
		1BCE6425226DB37E0078E11B /* Model */ = {
			isa = PBXGroup;
			children = (
				1B69A998226EF664008B5A16 /* NewsModel.h */,
				1B69A999226EF664008B5A16 /* NewsModel.m */,
			);
			path = Model;
			sourceTree = "<group>";
		};
		1BCE6426226DB38D0078E11B /* View */ = {
			isa = PBXGroup;
			children = (
				1B69A99D226F5900008B5A16 /* SingleImageTableViewCell.h */,
				1B69A994226EF424008B5A16 /* SingleImageTableViewCell.m */,
				1B69A99F226F5900008B5A16 /* SingleImageTableViewCell.xib */,
			);
			path = View;
			sourceTree = "<group>";
		};
		1BCE6427226DB3920078E11B /* ViewModel */ = {
			isa = PBXGroup;
			children = (
				1B7485A8229536AB00E508A8 /* FirstPageViewModel.h */,
				1B7485A9229536AB00E508A8 /* FirstPageViewModel.m */,
			);
			path = ViewModel;
			sourceTree = "<group>";
		};
		1BCE6428226DB3A60078E11B /* Controller */ = {
			isa = PBXGroup;
			children = (
				1B09D197226B002C00BB7480 /* FirstPageViewController.h */,
				1B09D198226B002C00BB7480 /* FirstPageViewController.m */,
				1BEBE321226CBA200003C151 /* NewsDetailViewController.h */,
				1BEBE322226CBA200003C151 /* NewsDetailViewController.m */,
				1B7F82AA227052DC000165F6 /* SearchViewController.h */,
				1B7F82AB227052DC000165F6 /* SearchViewController.m */,
			);
			path = Controller;
			sourceTree = "<group>";
		};
		1BCE6429226DB3DB0078E11B /* VideoPage */ = {
			isa = PBXGroup;
			children = (
				1BCE642D226DB4050078E11B /* Controller */,
				1BCE642C226DB3FA0078E11B /* ViewModel */,
				1BCE642B226DB3F40078E11B /* View */,
				1BCE642A226DB3EB0078E11B /* Model */,
			);
			path = VideoPage;
			sourceTree = "<group>";
		};
		1BCE642A226DB3EB0078E11B /* Model */ = {
			isa = PBXGroup;
			children = (
				D6BC8B5C2279EB3F001AFD60 /* MyVideo.h */,
				D6BC8B5D2279EB3F001AFD60 /* MyVideo.m */,
				D6BC8B6D227C2877001AFD60 /* MyComment.h */,
				D6BC8B6E227C2877001AFD60 /* MyComment.m */,
			);
			path = Model;
			sourceTree = "<group>";
		};
		1BCE642B226DB3F40078E11B /* View */ = {
			isa = PBXGroup;
			children = (
			);
			path = View;
			sourceTree = "<group>";
		};
		1BCE642C226DB3FA0078E11B /* ViewModel */ = {
			isa = PBXGroup;
			children = (
				D6BC8B012273F23A001AFD60 /* LoadingTableViewCell.h */,
				D6BC8AFF2273F23A001AFD60 /* LoadingTableViewCell.m */,
				D6BC8B1E2276B3B1001AFD60 /* VideoTableViewCell.h */,
				D6BC8B1F2276B3B1001AFD60 /* VideoTableViewCell.m */,
				D6BC8B76227C7365001AFD60 /* CommentTableViewCell.h */,
				D6BC8B77227C7365001AFD60 /* CommentTableViewCell.m */,
				D6BC8B78227C7365001AFD60 /* CommentTableViewCell.xib */,
				D6BC8BB12282AE5F001AFD60 /* RecommendationVideoTableViewCell.h */,
				D6BC8BB22282AE5F001AFD60 /* RecommendationVideoTableViewCell.m */,
				D6BC8BB32282AE5F001AFD60 /* RecommendationVideoTableViewCell.xib */,
			);
			path = ViewModel;
			sourceTree = "<group>";
		};
		1BCE642D226DB4050078E11B /* Controller */ = {
			isa = PBXGroup;
			children = (
				1B09D19C226B004100BB7480 /* VideoPageViewController.h */,
				1B09D19D226B004100BB7480 /* VideoPageViewController.m */,
				D6BC8B1B227407BF001AFD60 /* VideoDetailViewController.h */,
				D6BC8B1C227407BF001AFD60 /* VideoDetailViewController.m */,
				D6BC8B3222798CDB001AFD60 /* View.xib */,
				D6BC8BB62283E66B001AFD60 /* View2.xib */,
			);
			path = Controller;
			sourceTree = "<group>";
		};
		1BCE642E226DB4230078E11B /* PersonalPage */ = {
			isa = PBXGroup;
			children = (
				1BCE6432226DB44C0078E11B /* Controller */,
				1BCE6431226DB4450078E11B /* ViewModel */,
				1BCE6430226DB43F0078E11B /* View */,
				1BCE642F226DB42D0078E11B /* Model */,
			);
			path = PersonalPage;
			sourceTree = "<group>";
		};
		1BCE642F226DB42D0078E11B /* Model */ = {
			isa = PBXGroup;
			children = (
			);
			path = Model;
			sourceTree = "<group>";
		};
		1BCE6430226DB43F0078E11B /* View */ = {
			isa = PBXGroup;
			children = (
			);
			path = View;
			sourceTree = "<group>";
		};
		1BCE6431226DB4450078E11B /* ViewModel */ = {
			isa = PBXGroup;
			children = (
				E8893883227AAFD7003C8FB7 /* UIButton+ImageTitleStyle.h */,
				E8893884227AAFD8003C8FB7 /* UIButton+ImageTitleStyle.m */,
			);
			path = ViewModel;
			sourceTree = "<group>";
		};
		1BCE6432226DB44C0078E11B /* Controller */ = {
			isa = PBXGroup;
			children = (
				E8893881227AAFCD003C8FB7 /* SettingViewController.h */,
				E8893880227AAFCD003C8FB7 /* SettingViewController.m */,
				1B09D1A1226B005500BB7480 /* PersonalPageViewController.h */,
				1B09D1A2226B005500BB7480 /* PersonalPageViewController.m */,
			);
			path = Controller;
			sourceTree = "<group>";
		};
		1BCE6433226DB4630078E11B /* Vender */ = {
			isa = PBXGroup;
			children = (
			);
			path = Vender;
			sourceTree = "<group>";
		};
		1BCE6434226DB49F0078E11B /* Expand */ = {
			isa = PBXGroup;
			children = (
				1BCE643A226DB5110078E11B /* Database */,
				1BCE6439226DB50E0078E11B /* Network */,
				1BCE6438226DB50C0078E11B /* Category */,
				1BCE6437226DB50A0078E11B /* Tool */,
				1BCE6436226DB5070078E11B /* Macros */,
				1BCE6435226DB5030078E11B /* Const */,
			);
			path = Expand;
			sourceTree = "<group>";
		};
		1BCE6435226DB5030078E11B /* Const */ = {
			isa = PBXGroup;
			children = (
			);
			path = Const;
			sourceTree = "<group>";
		};
		1BCE6436226DB5070078E11B /* Macros */ = {
			isa = PBXGroup;
			children = (
			);
			path = Macros;
			sourceTree = "<group>";
		};
		1BCE6437226DB50A0078E11B /* Tool */ = {
			isa = PBXGroup;
			children = (
			);
			path = Tool;
			sourceTree = "<group>";
		};
		1BCE6438226DB50C0078E11B /* Category */ = {
			isa = PBXGroup;
			children = (
			);
			path = Category;
			sourceTree = "<group>";
		};
		1BCE6439226DB50E0078E11B /* Network */ = {
			isa = PBXGroup;
			children = (
			);
			path = Network;
			sourceTree = "<group>";
		};
		1BCE643A226DB5110078E11B /* Database */ = {
			isa = PBXGroup;
			children = (
			);
			path = Database;
			sourceTree = "<group>";
		};
		1BCE643C226DB5700078E11B /* Common */ = {
			isa = PBXGroup;
			children = (
				1B17BCF5227197C300F30CEF /* UIColor+Hex.h */,
				1B17BCF6227197C300F30CEF /* UIColor+Hex.m */,
			);
			path = Common;
			sourceTree = "<group>";
		};
		D6BC8B252279453A001AFD60 /* video */ = {
			isa = PBXGroup;
			children = (
				D6BC8B5F2279EC48001AFD60 /* video.mp4 */,
			);
			path = video;
			sourceTree = "<group>";
		};
		D6BC8B7D227CA915001AFD60 /* Frameworks */ = {
			isa = PBXGroup;
			children = (
				D6BC8B8F227CAB4D001AFD60 /* MASCompositeConstraint.h */,
				D6BC8B82227CAB4D001AFD60 /* MASCompositeConstraint.m */,
				D6BC8B8E227CAB4D001AFD60 /* MASConstraint.h */,
				D6BC8B92227CAB4E001AFD60 /* MASConstraint.m */,
				D6BC8B86227CAB4D001AFD60 /* MASConstraint+Private.h */,
				D6BC8B8D227CAB4D001AFD60 /* MASConstraintMaker.h */,
				D6BC8B95227CAB4E001AFD60 /* MASConstraintMaker.m */,
				D6BC8B81227CAB4D001AFD60 /* MASLayoutConstraint.h */,
				D6BC8B96227CAB4E001AFD60 /* MASLayoutConstraint.m */,
				D6BC8B88227CAB4D001AFD60 /* Masonry.h */,
				D6BC8B8A227CAB4D001AFD60 /* MASUtilities.h */,
				D6BC8B94227CAB4E001AFD60 /* MASViewAttribute.h */,
				D6BC8B84227CAB4D001AFD60 /* MASViewAttribute.m */,
				D6BC8B91227CAB4E001AFD60 /* MASViewConstraint.h */,
				D6BC8B97227CAB4E001AFD60 /* MASViewConstraint.m */,
				D6BC8B8C227CAB4D001AFD60 /* NSArray+MASAdditions.h */,
				D6BC8B80227CAB4D001AFD60 /* NSArray+MASAdditions.m */,
				D6BC8B89227CAB4D001AFD60 /* NSArray+MASShorthandAdditions.h */,
				D6BC8B93227CAB4E001AFD60 /* NSLayoutConstraint+MASDebugAdditions.h */,
				D6BC8B83227CAB4D001AFD60 /* NSLayoutConstraint+MASDebugAdditions.m */,
				D6BC8B90227CAB4E001AFD60 /* View+MASAdditions.h */,
				D6BC8B87227CAB4D001AFD60 /* View+MASAdditions.m */,
				D6BC8B7F227CAB4C001AFD60 /* View+MASShorthandAdditions.h */,
				D6BC8B85227CAB4D001AFD60 /* ViewController+MASAdditions.h */,
				D6BC8B8B227CAB4D001AFD60 /* ViewController+MASAdditions.m */,
			);
			name = Frameworks;
			sourceTree = "<group>";
		};
/* End PBXGroup section */

/* Begin PBXNativeTarget section */
		1B09D17C226AFF7B00BB7480 /* MiniHeadline */ = {
			isa = PBXNativeTarget;
			buildConfigurationList = 1B09D193226AFF7C00BB7480 /* Build configuration list for PBXNativeTarget "MiniHeadline" */;
			buildPhases = (
				1B09D179226AFF7B00BB7480 /* Sources */,
				1B09D17A226AFF7B00BB7480 /* Frameworks */,
				1B09D17B226AFF7B00BB7480 /* Resources */,
			);
			buildRules = (
			);
			dependencies = (
			);
			name = MiniHeadline;
			productName = MiniHeadline;
			productReference = 1B09D17D226AFF7B00BB7480 /* MiniHeadline.app */;
			productType = "com.apple.product-type.application";
		};
/* End PBXNativeTarget section */

/* Begin PBXProject section */
		1B09D175226AFF7B00BB7480 /* Project object */ = {
			isa = PBXProject;
			attributes = {
				LastUpgradeCheck = 1020;
				ORGANIZATIONNAME = Booooby;
				TargetAttributes = {
					1B09D17C226AFF7B00BB7480 = {
						CreatedOnToolsVersion = 10.2.1;
					};
				};
			};
			buildConfigurationList = 1B09D178226AFF7B00BB7480 /* Build configuration list for PBXProject "MiniHeadline" */;
			compatibilityVersion = "Xcode 9.3";
			developmentRegion = en;
			hasScannedForEncodings = 0;
			knownRegions = (
				en,
				Base,
			);
			mainGroup = 1B09D174226AFF7B00BB7480;
			productRefGroup = 1B09D17E226AFF7B00BB7480 /* Products */;
			projectDirPath = "";
			projectRoot = "";
			targets = (
				1B09D17C226AFF7B00BB7480 /* MiniHeadline */,
			);
		};
/* End PBXProject section */

/* Begin PBXResourcesBuildPhase section */
		1B09D17B226AFF7B00BB7480 /* Resources */ = {
			isa = PBXResourcesBuildPhase;
			buildActionMask = 2147483647;
			files = (
				1B09D1BF226B013700BB7480 /* mainpage_unselected.png in Resources */,
				D6BC8B4D2279C1C7001AFD60 /* full-screen.png in Resources */,
				1B7F82DA2270AAAB000165F6 /* comments.png in Resources */,
				1B7F82E62270AAAB000165F6 /* more.png in Resources */,
				1B09A34D228E5B5E00A0AFF5 /* logo.png in Resources */,
				D6BC8B6C227B5E97001AFD60 /* Share_25.png in Resources */,
				D6BC8BB52282AE5F001AFD60 /* RecommendationVideoTableViewCell.xib in Resources */,
				1B69A9A1226F5900008B5A16 /* SingleImageTableViewCell.xib in Resources */,
				1B7F82DF2270AAAB000165F6 /* find.png in Resources */,
				1B09D1BD226B013700BB7480 /* video_unselected.png in Resources */,
				D6BC8B4422799423001AFD60 /* unlike-fill_25.png in Resources */,
				1B7F82E22270AAAB000165F6 /* write.png in Resources */,
				E8893892227AB8F0003C8FB7 /* shoucang.png in Resources */,
				D6BC8B64227A2EF1001AFD60 /* comment.png in Resources */,
				E8893894227AB8F0003C8FB7 /* pinglun.png in Resources */,
				D6BC8B3322798CDB001AFD60 /* View.xib in Resources */,
				1B7F82DD2270AAAB000165F6 /* edit_label.png in Resources */,
				D6BC8B4522799423001AFD60 /* unlike_25.png in Resources */,
				D6BC8B142273F524001AFD60 /* icon_2.png in Resources */,
				1B7F82DC2270AAAB000165F6 /* camera.png in Resources */,
				1B09D18D226AFF7C00BB7480 /* LaunchScreen.storyboard in Resources */,
				D6BC8B4A2279C113001AFD60 /* pause _white.png in Resources */,
				1B09D1BE226B013700BB7480 /* mainpage_selected.png in Resources */,
				D6AC51F72283F1B700318629 /* share_white.png in Resources */,
				1B7F82DB2270AAAB000165F6 /* back.png in Resources */,
				D6BC8B3D22799380001AFD60 /* unlike_23.png in Resources */,
				D6BC8B3C22799380001AFD60 /* like_23.png in Resources */,
				E8893895227AB8F0003C8FB7 /* dianzan.png in Resources */,
				E8893893227AB8F0003C8FB7 /* lishixiao.png in Resources */,
				1B7F82E02270AAAB000165F6 /* like_selected.png in Resources */,
				1B7F82E52270AAAB000165F6 /* share.png in Resources */,
				D6BC8BB72283E66B001AFD60 /* View2.xib in Resources */,
				D6BC8B3B22799380001AFD60 /* unlike-fill_23.png in Resources */,
				D6BC8B2E2279609A001AFD60 /* play.png in Resources */,
				1B09D1BC226B013700BB7480 /* personal_selected.png in Resources */,
				D6BC8B602279EC49001AFD60 /* video.mp4 in Resources */,
				1B7F82E42270AAAB000165F6 /* star_unselected.png in Resources */,
				1B7F82E12270AAAB000165F6 /* like_unselected.png in Resources */,
				1B09D1C2226B013700BB7480 /* personal_unselected.png in Resources */,
				D6BC8B4B2279C113001AFD60 /* play_white.png in Resources */,
				D6BC8B4222799423001AFD60 /* like-fill_25.png in Resources */,
				D6BC8B68227A3127001AFD60 /* back_white_25.png in Resources */,
				1B09D18A226AFF7C00BB7480 /* Assets.xcassets in Resources */,
				D6BC8B2F2279609A001AFD60 /* pause.png in Resources */,
				D6BC8B3A22799380001AFD60 /* like-fill_23.png in Resources */,
				1B09D1C1226B013700BB7480 /* video_selected.png in Resources */,
				D6BC8B7A227C7365001AFD60 /* CommentTableViewCell.xib in Resources */,
				D6BC8B4322799423001AFD60 /* like_25.png in Resources */,
				D6BC8B66227A2F5D001AFD60 /* back_white.png in Resources */,
				D6BC8B472279949C001AFD60 /* link.png in Resources */,
				1B09D188226AFF7B00BB7480 /* Main.storyboard in Resources */,
				1B7F82DE2270AAAB000165F6 /* star_selected.png in Resources */,
				D6BC8B102273F524001AFD60 /* icon_1.png in Resources */,
				D6BC8B6A227B5BAA001AFD60 /* star_25.png in Resources */,
				D6BC8B242276DB47001AFD60 /* icon_0.png in Resources */,
			);
			runOnlyForDeploymentPostprocessing = 0;
		};
/* End PBXResourcesBuildPhase section */

/* Begin PBXSourcesBuildPhase section */
		1B09D179226AFF7B00BB7480 /* Sources */ = {
			isa = PBXSourcesBuildPhase;
			buildActionMask = 2147483647;
			files = (
				D6BC8BB42282AE5F001AFD60 /* RecommendationVideoTableViewCell.m in Sources */,
				1B09D19A226B002C00BB7480 /* FirstPageViewController.m in Sources */,
				D6BC8B5E2279EB3F001AFD60 /* MyVideo.m in Sources */,
				D6BC8B79227C7365001AFD60 /* CommentTableViewCell.m in Sources */,
				E8893885227AAFD8003C8FB7 /* UIButton+ImageTitleStyle.m in Sources */,
				1BEBE323226CBA200003C151 /* NewsDetailViewController.m in Sources */,
				D6BC8B042273F23A001AFD60 /* LoadingTableViewCell.m in Sources */,
				1B7F82AC227052DC000165F6 /* SearchViewController.m in Sources */,
				1B09D185226AFF7B00BB7480 /* ViewController.m in Sources */,
				1B09D19F226B004100BB7480 /* VideoPageViewController.m in Sources */,
				1B69A99A226EF664008B5A16 /* NewsModel.m in Sources */,
				1B09D190226AFF7C00BB7480 /* main.m in Sources */,
				1B69A996226EF424008B5A16 /* SingleImageTableViewCell.m in Sources */,
				D6BC8B212276B3B1001AFD60 /* VideoTableViewCell.m in Sources */,
				1B17BCF7227197C300F30CEF /* UIColor+Hex.m in Sources */,
				1B09D182226AFF7B00BB7480 /* AppDelegate.m in Sources */,
				1B09D1A4226B005500BB7480 /* PersonalPageViewController.m in Sources */,
				D6BC8B6F227C2877001AFD60 /* MyComment.m in Sources */,
				D6BC8B1D227407BF001AFD60 /* VideoDetailViewController.m in Sources */,
				1B7485AA229536AB00E508A8 /* FirstPageViewModel.m in Sources */,
				E8893882227AAFCD003C8FB7 /* SettingViewController.m in Sources */,
			);
			runOnlyForDeploymentPostprocessing = 0;
		};
/* End PBXSourcesBuildPhase section */

/* Begin PBXVariantGroup section */
		1B09D186226AFF7B00BB7480 /* Main.storyboard */ = {
			isa = PBXVariantGroup;
			children = (
				1B09D187226AFF7B00BB7480 /* Base */,
			);
			name = Main.storyboard;
			sourceTree = "<group>";
		};
		1B09D18B226AFF7C00BB7480 /* LaunchScreen.storyboard */ = {
			isa = PBXVariantGroup;
			children = (
				1B09D18C226AFF7C00BB7480 /* Base */,
			);
			name = LaunchScreen.storyboard;
			sourceTree = "<group>";
		};
/* End PBXVariantGroup section */

/* Begin XCBuildConfiguration section */
		1B09D191226AFF7C00BB7480 /* Debug */ = {
			isa = XCBuildConfiguration;
			buildSettings = {
				ALWAYS_SEARCH_USER_PATHS = NO;
				CLANG_ANALYZER_NONNULL = YES;
				CLANG_ANALYZER_NUMBER_OBJECT_CONVERSION = YES_AGGRESSIVE;
				CLANG_CXX_LANGUAGE_STANDARD = "gnu++14";
				CLANG_CXX_LIBRARY = "libc++";
				CLANG_ENABLE_MODULES = YES;
				CLANG_ENABLE_OBJC_ARC = YES;
				CLANG_ENABLE_OBJC_WEAK = YES;
				CLANG_WARN_BLOCK_CAPTURE_AUTORELEASING = YES;
				CLANG_WARN_BOOL_CONVERSION = YES;
				CLANG_WARN_COMMA = YES;
				CLANG_WARN_CONSTANT_CONVERSION = YES;
				CLANG_WARN_DEPRECATED_OBJC_IMPLEMENTATIONS = YES;
				CLANG_WARN_DIRECT_OBJC_ISA_USAGE = YES_ERROR;
				CLANG_WARN_DOCUMENTATION_COMMENTS = YES;
				CLANG_WARN_EMPTY_BODY = YES;
				CLANG_WARN_ENUM_CONVERSION = YES;
				CLANG_WARN_INFINITE_RECURSION = YES;
				CLANG_WARN_INT_CONVERSION = YES;
				CLANG_WARN_NON_LITERAL_NULL_CONVERSION = YES;
				CLANG_WARN_OBJC_IMPLICIT_RETAIN_SELF = YES;
				CLANG_WARN_OBJC_LITERAL_CONVERSION = YES;
				CLANG_WARN_OBJC_ROOT_CLASS = YES_ERROR;
				CLANG_WARN_RANGE_LOOP_ANALYSIS = YES;
				CLANG_WARN_STRICT_PROTOTYPES = YES;
				CLANG_WARN_SUSPICIOUS_MOVE = YES;
				CLANG_WARN_UNGUARDED_AVAILABILITY = YES_AGGRESSIVE;
				CLANG_WARN_UNREACHABLE_CODE = YES;
				CLANG_WARN__DUPLICATE_METHOD_MATCH = YES;
				CODE_SIGN_IDENTITY = "iPhone Developer";
				COPY_PHASE_STRIP = NO;
				DEBUG_INFORMATION_FORMAT = dwarf;
				ENABLE_STRICT_OBJC_MSGSEND = YES;
				ENABLE_TESTABILITY = YES;
				GCC_C_LANGUAGE_STANDARD = gnu11;
				GCC_DYNAMIC_NO_PIC = NO;
				GCC_NO_COMMON_BLOCKS = YES;
				GCC_OPTIMIZATION_LEVEL = 0;
				GCC_PREPROCESSOR_DEFINITIONS = (
					"DEBUG=1",
					"$(inherited)",
				);
				GCC_WARN_64_TO_32_BIT_CONVERSION = YES;
				GCC_WARN_ABOUT_RETURN_TYPE = YES_ERROR;
				GCC_WARN_UNDECLARED_SELECTOR = YES;
				GCC_WARN_UNINITIALIZED_AUTOS = YES_AGGRESSIVE;
				GCC_WARN_UNUSED_FUNCTION = YES;
				GCC_WARN_UNUSED_VARIABLE = YES;
				IPHONEOS_DEPLOYMENT_TARGET = 12.2;
				MTL_ENABLE_DEBUG_INFO = INCLUDE_SOURCE;
				MTL_FAST_MATH = YES;
				ONLY_ACTIVE_ARCH = YES;
				SDKROOT = iphoneos;
			};
			name = Debug;
		};
		1B09D192226AFF7C00BB7480 /* Release */ = {
			isa = XCBuildConfiguration;
			buildSettings = {
				ALWAYS_SEARCH_USER_PATHS = NO;
				CLANG_ANALYZER_NONNULL = YES;
				CLANG_ANALYZER_NUMBER_OBJECT_CONVERSION = YES_AGGRESSIVE;
				CLANG_CXX_LANGUAGE_STANDARD = "gnu++14";
				CLANG_CXX_LIBRARY = "libc++";
				CLANG_ENABLE_MODULES = YES;
				CLANG_ENABLE_OBJC_ARC = YES;
				CLANG_ENABLE_OBJC_WEAK = YES;
				CLANG_WARN_BLOCK_CAPTURE_AUTORELEASING = YES;
				CLANG_WARN_BOOL_CONVERSION = YES;
				CLANG_WARN_COMMA = YES;
				CLANG_WARN_CONSTANT_CONVERSION = YES;
				CLANG_WARN_DEPRECATED_OBJC_IMPLEMENTATIONS = YES;
				CLANG_WARN_DIRECT_OBJC_ISA_USAGE = YES_ERROR;
				CLANG_WARN_DOCUMENTATION_COMMENTS = YES;
				CLANG_WARN_EMPTY_BODY = YES;
				CLANG_WARN_ENUM_CONVERSION = YES;
				CLANG_WARN_INFINITE_RECURSION = YES;
				CLANG_WARN_INT_CONVERSION = YES;
				CLANG_WARN_NON_LITERAL_NULL_CONVERSION = YES;
				CLANG_WARN_OBJC_IMPLICIT_RETAIN_SELF = YES;
				CLANG_WARN_OBJC_LITERAL_CONVERSION = YES;
				CLANG_WARN_OBJC_ROOT_CLASS = YES_ERROR;
				CLANG_WARN_RANGE_LOOP_ANALYSIS = YES;
				CLANG_WARN_STRICT_PROTOTYPES = YES;
				CLANG_WARN_SUSPICIOUS_MOVE = YES;
				CLANG_WARN_UNGUARDED_AVAILABILITY = YES_AGGRESSIVE;
				CLANG_WARN_UNREACHABLE_CODE = YES;
				CLANG_WARN__DUPLICATE_METHOD_MATCH = YES;
				CODE_SIGN_IDENTITY = "iPhone Developer";
				COPY_PHASE_STRIP = NO;
				DEBUG_INFORMATION_FORMAT = "dwarf-with-dsym";
				ENABLE_NS_ASSERTIONS = NO;
				ENABLE_STRICT_OBJC_MSGSEND = YES;
				GCC_C_LANGUAGE_STANDARD = gnu11;
				GCC_NO_COMMON_BLOCKS = YES;
				GCC_WARN_64_TO_32_BIT_CONVERSION = YES;
				GCC_WARN_ABOUT_RETURN_TYPE = YES_ERROR;
				GCC_WARN_UNDECLARED_SELECTOR = YES;
				GCC_WARN_UNINITIALIZED_AUTOS = YES_AGGRESSIVE;
				GCC_WARN_UNUSED_FUNCTION = YES;
				GCC_WARN_UNUSED_VARIABLE = YES;
				IPHONEOS_DEPLOYMENT_TARGET = 12.2;
				MTL_ENABLE_DEBUG_INFO = NO;
				MTL_FAST_MATH = YES;
				SDKROOT = iphoneos;
				VALIDATE_PRODUCT = YES;
			};
			name = Release;
		};
		1B09D194226AFF7C00BB7480 /* Debug */ = {
			isa = XCBuildConfiguration;
			buildSettings = {
				ASSETCATALOG_COMPILER_APPICON_NAME = AppIcon;
				CODE_SIGN_STYLE = Automatic;
				INFOPLIST_FILE = MiniHeadline/AppEntry/Info.plist;
				IPHONEOS_DEPLOYMENT_TARGET = 12.1;
				LD_RUNPATH_SEARCH_PATHS = (
					"$(inherited)",
					"@executable_path/Frameworks",
				);
				PRODUCT_BUNDLE_IDENTIFIER = Booooby.MiniHeadline;
				PRODUCT_NAME = "$(TARGET_NAME)";
				TARGETED_DEVICE_FAMILY = "1,2";
			};
			name = Debug;
		};
		1B09D195226AFF7C00BB7480 /* Release */ = {
			isa = XCBuildConfiguration;
			buildSettings = {
				ASSETCATALOG_COMPILER_APPICON_NAME = AppIcon;
				CODE_SIGN_STYLE = Automatic;
				INFOPLIST_FILE = MiniHeadline/AppEntry/Info.plist;
				IPHONEOS_DEPLOYMENT_TARGET = 12.1;
				LD_RUNPATH_SEARCH_PATHS = (
					"$(inherited)",
					"@executable_path/Frameworks",
				);
				PRODUCT_BUNDLE_IDENTIFIER = Booooby.MiniHeadline;
				PRODUCT_NAME = "$(TARGET_NAME)";
				TARGETED_DEVICE_FAMILY = "1,2";
			};
			name = Release;
		};
/* End XCBuildConfiguration section */

/* Begin XCConfigurationList section */
		1B09D178226AFF7B00BB7480 /* Build configuration list for PBXProject "MiniHeadline" */ = {
			isa = XCConfigurationList;
			buildConfigurations = (
				1B09D191226AFF7C00BB7480 /* Debug */,
				1B09D192226AFF7C00BB7480 /* Release */,
			);
			defaultConfigurationIsVisible = 0;
			defaultConfigurationName = Release;
		};
		1B09D193226AFF7C00BB7480 /* Build configuration list for PBXNativeTarget "MiniHeadline" */ = {
			isa = XCConfigurationList;
			buildConfigurations = (
				1B09D194226AFF7C00BB7480 /* Debug */,
				1B09D195226AFF7C00BB7480 /* Release */,
			);
			defaultConfigurationIsVisible = 0;
			defaultConfigurationName = Release;
		};
/* End XCConfigurationList section */
	};
	rootObject = 1B09D175226AFF7B00BB7480 /* Project object */;
}
